// !$*UTF8*$!
{
	archiveVersion = 1;
	classes = {
	};
	objectVersion = 46;
	objects = {

/* Begin PBXBuildFile section */
		1AC6FB21180E996B004C840B /* libcocos2d Mac.a in Frameworks */ = {isa = PBXBuildFile; fileRef = 1AC6FAF9180E9839004C840B /* libcocos2d Mac.a */; };
		1AC6FB30180E99EB004C840B /* libcocos2d iOS.a in Frameworks */ = {isa = PBXBuildFile; fileRef = 1AC6FB07180E9839004C840B /* libcocos2d iOS.a */; };
		1D60589F0D05DD5A006BFB54 /* Foundation.framework in Frameworks */ = {isa = PBXBuildFile; fileRef = 1D30AB110D05D00D00671497 /* Foundation.framework */; };
		1DF5F4E00D08C38300B7A737 /* UIKit.framework in Frameworks */ = {isa = PBXBuildFile; fileRef = 1DF5F4DF0D08C38300B7A737 /* UIKit.framework */; };
		288765A50DF7441C002DB57D /* CoreGraphics.framework in Frameworks */ = {isa = PBXBuildFile; fileRef = 288765A40DF7441C002DB57D /* CoreGraphics.framework */; };
		503AE0F817EB97AB00D1A890 /* Icon.icns in Resources */ = {isa = PBXBuildFile; fileRef = 503AE0F617EB97AB00D1A890 /* Icon.icns */; };
		503AE10017EB989F00D1A890 /* AppController.mm in Sources */ = {isa = PBXBuildFile; fileRef = 503AE0FB17EB989F00D1A890 /* AppController.mm */; };
		503AE10117EB989F00D1A890 /* main.m in Sources */ = {isa = PBXBuildFile; fileRef = 503AE0FC17EB989F00D1A890 /* main.m */; };
		503AE10217EB989F00D1A890 /* RootViewController.mm in Sources */ = {isa = PBXBuildFile; fileRef = 503AE0FF17EB989F00D1A890 /* RootViewController.mm */; };
		503AE10517EB98FF00D1A890 /* main.cpp in Sources */ = {isa = PBXBuildFile; fileRef = 503AE10317EB98FF00D1A890 /* main.cpp */; };
		503AE11B17EB9C5A00D1A890 /* IOKit.framework in Frameworks */ = {isa = PBXBuildFile; fileRef = 503AE11A17EB9C5A00D1A890 /* IOKit.framework */; };
		5087E76317EB910900C73F5D /* Foundation.framework in Frameworks */ = {isa = PBXBuildFile; fileRef = 1D30AB110D05D00D00671497 /* Foundation.framework */; };
		5087E76717EB910900C73F5D /* libz.dylib in Frameworks */ = {isa = PBXBuildFile; fileRef = BF170DB412928DE900B8313A /* libz.dylib */; };
		5087E76817EB910900C73F5D /* QuartzCore.framework in Frameworks */ = {isa = PBXBuildFile; fileRef = BF1C47EA1293683800B63C5D /* QuartzCore.framework */; };
		5087E76917EB910900C73F5D /* OpenAL.framework in Frameworks */ = {isa = PBXBuildFile; fileRef = D44C620B132DFF330009C878 /* OpenAL.framework */; };
		5087E76A17EB910900C73F5D /* AVFoundation.framework in Frameworks */ = {isa = PBXBuildFile; fileRef = D44C620D132DFF430009C878 /* AVFoundation.framework */; };
		5087E76B17EB910900C73F5D /* AudioToolbox.framework in Frameworks */ = {isa = PBXBuildFile; fileRef = D44C620F132DFF4E0009C878 /* AudioToolbox.framework */; };
		5087E77D17EB970100C73F5D /* Default-568h@2x.png in Resources */ = {isa = PBXBuildFile; fileRef = 5087E77217EB970100C73F5D /* Default-568h@2x.png */; };
		5087E77E17EB970100C73F5D /* Default.png in Resources */ = {isa = PBXBuildFile; fileRef = 5087E77317EB970100C73F5D /* Default.png */; };
		5087E77F17EB970100C73F5D /* Default@2x.png in Resources */ = {isa = PBXBuildFile; fileRef = 5087E77417EB970100C73F5D /* Default@2x.png */; };
		5087E78017EB970100C73F5D /* Icon-114.png in Resources */ = {isa = PBXBuildFile; fileRef = 5087E77517EB970100C73F5D /* Icon-114.png */; };
		5087E78117EB970100C73F5D /* Icon-120.png in Resources */ = {isa = PBXBuildFile; fileRef = 5087E77617EB970100C73F5D /* Icon-120.png */; };
		5087E78217EB970100C73F5D /* Icon-144.png in Resources */ = {isa = PBXBuildFile; fileRef = 5087E77717EB970100C73F5D /* Icon-144.png */; };
		5087E78317EB970100C73F5D /* Icon-152.png in Resources */ = {isa = PBXBuildFile; fileRef = 5087E77817EB970100C73F5D /* Icon-152.png */; };
		5087E78417EB970100C73F5D /* Icon-57.png in Resources */ = {isa = PBXBuildFile; fileRef = 5087E77917EB970100C73F5D /* Icon-57.png */; };
		5087E78517EB970100C73F5D /* Icon-72.png in Resources */ = {isa = PBXBuildFile; fileRef = 5087E77A17EB970100C73F5D /* Icon-72.png */; };
		5087E78617EB970100C73F5D /* Icon-76.png in Resources */ = {isa = PBXBuildFile; fileRef = 5087E77B17EB970100C73F5D /* Icon-76.png */; };
		5087E78917EB974C00C73F5D /* AppKit.framework in Frameworks */ = {isa = PBXBuildFile; fileRef = 5087E78817EB974C00C73F5D /* AppKit.framework */; };
		5087E78B17EB975400C73F5D /* OpenGL.framework in Frameworks */ = {isa = PBXBuildFile; fileRef = 5087E78A17EB975400C73F5D /* OpenGL.framework */; };
		50EF629617ECD46A001EB2F8 /* Icon-40.png in Resources */ = {isa = PBXBuildFile; fileRef = 50EF629217ECD46A001EB2F8 /* Icon-40.png */; };
		50EF629717ECD46A001EB2F8 /* Icon-58.png in Resources */ = {isa = PBXBuildFile; fileRef = 50EF629317ECD46A001EB2F8 /* Icon-58.png */; };
		50EF629817ECD46A001EB2F8 /* Icon-80.png in Resources */ = {isa = PBXBuildFile; fileRef = 50EF629417ECD46A001EB2F8 /* Icon-80.png */; };
		50EF629917ECD46A001EB2F8 /* Icon-100.png in Resources */ = {isa = PBXBuildFile; fileRef = 50EF629517ECD46A001EB2F8 /* Icon-100.png */; };
		50EF62A217ECD613001EB2F8 /* Icon-29.png in Resources */ = {isa = PBXBuildFile; fileRef = 50EF62A017ECD613001EB2F8 /* Icon-29.png */; };
		50EF62A317ECD613001EB2F8 /* Icon-50.png in Resources */ = {isa = PBXBuildFile; fileRef = 50EF62A117ECD613001EB2F8 /* Icon-50.png */; };
		521A8E6419F0C34300D177D7 /* Default-667h@2x.png in Resources */ = {isa = PBXBuildFile; fileRef = 521A8E6219F0C34300D177D7 /* Default-667h@2x.png */; };
		521A8E6519F0C34300D177D7 /* Default-736h@3x.png in Resources */ = {isa = PBXBuildFile; fileRef = 521A8E6319F0C34300D177D7 /* Default-736h@3x.png */; };
		52B47A471A53D09C004E4C60 /* Security.framework in Frameworks */ = {isa = PBXBuildFile; fileRef = 52B47A461A53D09B004E4C60 /* Security.framework */; };
		541C7B371AE2047300C8D0BC /* audio in Resources */ = {isa = PBXBuildFile; fileRef = 541C7B291AE2047300C8D0BC /* audio */; };
		541C7B381AE2047300C8D0BC /* audio in Resources */ = {isa = PBXBuildFile; fileRef = 541C7B291AE2047300C8D0BC /* audio */; };
		541C7B391AE2047300C8D0BC /* diamond_i.png in Resources */ = {isa = PBXBuildFile; fileRef = 541C7B2A1AE2047300C8D0BC /* diamond_i.png */; };
		541C7B3A1AE2047300C8D0BC /* diamond_i.png in Resources */ = {isa = PBXBuildFile; fileRef = 541C7B2A1AE2047300C8D0BC /* diamond_i.png */; };
		541C7B3B1AE2047300C8D0BC /* diamond_o.png in Resources */ = {isa = PBXBuildFile; fileRef = 541C7B2B1AE2047300C8D0BC /* diamond_o.png */; };
		541C7B3C1AE2047300C8D0BC /* diamond_o.png in Resources */ = {isa = PBXBuildFile; fileRef = 541C7B2B1AE2047300C8D0BC /* diamond_o.png */; };
		541C7B3D1AE2047300C8D0BC /* fonts in Resources */ = {isa = PBXBuildFile; fileRef = 541C7B2C1AE2047300C8D0BC /* fonts */; };
		541C7B3E1AE2047300C8D0BC /* fonts in Resources */ = {isa = PBXBuildFile; fileRef = 541C7B2C1AE2047300C8D0BC /* fonts */; };
		541C7B3F1AE2047300C8D0BC /* g_charmy_av.png in Resources */ = {isa = PBXBuildFile; fileRef = 541C7B2D1AE2047300C8D0BC /* g_charmy_av.png */; };
		541C7B401AE2047300C8D0BC /* g_charmy_av.png in Resources */ = {isa = PBXBuildFile; fileRef = 541C7B2D1AE2047300C8D0BC /* g_charmy_av.png */; };
		541C7B411AE2047300C8D0BC /* g_charmysoft_logo.png in Resources */ = {isa = PBXBuildFile; fileRef = 541C7B2E1AE2047300C8D0BC /* g_charmysoft_logo.png */; };
		541C7B421AE2047300C8D0BC /* g_charmysoft_logo.png in Resources */ = {isa = PBXBuildFile; fileRef = 541C7B2E1AE2047300C8D0BC /* g_charmysoft_logo.png */; };
		541C7B431AE2047300C8D0BC /* icon.png in Resources */ = {isa = PBXBuildFile; fileRef = 541C7B2F1AE2047300C8D0BC /* icon.png */; };
		541C7B441AE2047300C8D0BC /* icon.png in Resources */ = {isa = PBXBuildFile; fileRef = 541C7B2F1AE2047300C8D0BC /* icon.png */; };
		541C7B451AE2047300C8D0BC /* ring_i.png in Resources */ = {isa = PBXBuildFile; fileRef = 541C7B301AE2047300C8D0BC /* ring_i.png */; };
		541C7B461AE2047300C8D0BC /* ring_i.png in Resources */ = {isa = PBXBuildFile; fileRef = 541C7B301AE2047300C8D0BC /* ring_i.png */; };
		541C7B471AE2047300C8D0BC /* ring_o.png in Resources */ = {isa = PBXBuildFile; fileRef = 541C7B311AE2047300C8D0BC /* ring_o.png */; };
		541C7B481AE2047300C8D0BC /* ring_o.png in Resources */ = {isa = PBXBuildFile; fileRef = 541C7B311AE2047300C8D0BC /* ring_o.png */; };
		541C7B491AE2047300C8D0BC /* share.png in Resources */ = {isa = PBXBuildFile; fileRef = 541C7B321AE2047300C8D0BC /* share.png */; };
		541C7B4A1AE2047300C8D0BC /* share.png in Resources */ = {isa = PBXBuildFile; fileRef = 541C7B321AE2047300C8D0BC /* share.png */; };
		541C7B4B1AE2047300C8D0BC /* target.png in Resources */ = {isa = PBXBuildFile; fileRef = 541C7B331AE2047300C8D0BC /* target.png */; };
		541C7B4C1AE2047300C8D0BC /* target.png in Resources */ = {isa = PBXBuildFile; fileRef = 541C7B331AE2047300C8D0BC /* target.png */; };
		541C7B4D1AE2047300C8D0BC /* tri_i.png in Resources */ = {isa = PBXBuildFile; fileRef = 541C7B341AE2047300C8D0BC /* tri_i.png */; };
		541C7B4E1AE2047300C8D0BC /* tri_i.png in Resources */ = {isa = PBXBuildFile; fileRef = 541C7B341AE2047300C8D0BC /* tri_i.png */; };
		541C7B4F1AE2047300C8D0BC /* tri_o.png in Resources */ = {isa = PBXBuildFile; fileRef = 541C7B351AE2047300C8D0BC /* tri_o.png */; };
		541C7B501AE2047300C8D0BC /* tri_o.png in Resources */ = {isa = PBXBuildFile; fileRef = 541C7B351AE2047300C8D0BC /* tri_o.png */; };
		541C7B511AE2047300C8D0BC /* ui in Resources */ = {isa = PBXBuildFile; fileRef = 541C7B361AE2047300C8D0BC /* ui */; };
		541C7B521AE2047300C8D0BC /* ui in Resources */ = {isa = PBXBuildFile; fileRef = 541C7B361AE2047300C8D0BC /* ui */; };
		541C7BCE1AE20C9F00C8D0BC /* AppDelegate.cpp in Sources */ = {isa = PBXBuildFile; fileRef = 541C7B681AE20C9F00C8D0BC /* AppDelegate.cpp */; };
		541C7BCF1AE20C9F00C8D0BC /* AppDelegate.cpp in Sources */ = {isa = PBXBuildFile; fileRef = 541C7B681AE20C9F00C8D0BC /* AppDelegate.cpp */; };
		541C7BD21AE20C9F00C8D0BC /* Diamond.cpp in Sources */ = {isa = PBXBuildFile; fileRef = 541C7B6D1AE20C9F00C8D0BC /* Diamond.cpp */; };
		541C7BD31AE20C9F00C8D0BC /* Diamond.cpp in Sources */ = {isa = PBXBuildFile; fileRef = 541C7B6D1AE20C9F00C8D0BC /* Diamond.cpp */; };
		541C7BD61AE20C9F00C8D0BC /* MainBall.cpp in Sources */ = {isa = PBXBuildFile; fileRef = 541C7B711AE20C9F00C8D0BC /* MainBall.cpp */; };
		541C7BD71AE20C9F00C8D0BC /* MainBall.cpp in Sources */ = {isa = PBXBuildFile; fileRef = 541C7B711AE20C9F00C8D0BC /* MainBall.cpp */; };
		541C7BD81AE20C9F00C8D0BC /* Ring.cpp in Sources */ = {isa = PBXBuildFile; fileRef = 541C7B731AE20C9F00C8D0BC /* Ring.cpp */; };
		541C7BD91AE20C9F00C8D0BC /* Ring.cpp in Sources */ = {isa = PBXBuildFile; fileRef = 541C7B731AE20C9F00C8D0BC /* Ring.cpp */; };
		541C7BDA1AE20C9F00C8D0BC /* SmartString.cpp in Sources */ = {isa = PBXBuildFile; fileRef = 541C7B751AE20C9F00C8D0BC /* SmartString.cpp */; };
		541C7BDB1AE20C9F00C8D0BC /* SmartString.cpp in Sources */ = {isa = PBXBuildFile; fileRef = 541C7B751AE20C9F00C8D0BC /* SmartString.cpp */; };
		541C7BDC1AE20C9F00C8D0BC /* Target.cpp in Sources */ = {isa = PBXBuildFile; fileRef = 541C7B771AE20C9F00C8D0BC /* Target.cpp */; };
		541C7BDD1AE20C9F00C8D0BC /* Target.cpp in Sources */ = {isa = PBXBuildFile; fileRef = 541C7B771AE20C9F00C8D0BC /* Target.cpp */; };
		541C7BDE1AE20C9F00C8D0BC /* Triangle.cpp in Sources */ = {isa = PBXBuildFile; fileRef = 541C7B791AE20C9F00C8D0BC /* Triangle.cpp */; };
		541C7BDF1AE20C9F00C8D0BC /* Triangle.cpp in Sources */ = {isa = PBXBuildFile; fileRef = 541C7B791AE20C9F00C8D0BC /* Triangle.cpp */; };
		541C7BE01AE20C9F00C8D0BC /* EngineHelper.cpp in Sources */ = {isa = PBXBuildFile; fileRef = 541C7B7B1AE20C9F00C8D0BC /* EngineHelper.cpp */; };
		541C7BE11AE20C9F00C8D0BC /* EngineHelper.cpp in Sources */ = {isa = PBXBuildFile; fileRef = 541C7B7B1AE20C9F00C8D0BC /* EngineHelper.cpp */; };
		541C7BE21AE20C9F00C8D0BC /* BaseLevel.cpp in Sources */ = {isa = PBXBuildFile; fileRef = 541C7B7E1AE20C9F00C8D0BC /* BaseLevel.cpp */; };
		541C7BE31AE20C9F00C8D0BC /* BaseLevel.cpp in Sources */ = {isa = PBXBuildFile; fileRef = 541C7B7E1AE20C9F00C8D0BC /* BaseLevel.cpp */; };
		541C7BE41AE20C9F00C8D0BC /* Level1.cpp in Sources */ = {isa = PBXBuildFile; fileRef = 541C7B801AE20C9F00C8D0BC /* Level1.cpp */; };
		541C7BE51AE20C9F00C8D0BC /* Level1.cpp in Sources */ = {isa = PBXBuildFile; fileRef = 541C7B801AE20C9F00C8D0BC /* Level1.cpp */; };
		541C7BE61AE20C9F00C8D0BC /* Level10.cpp in Sources */ = {isa = PBXBuildFile; fileRef = 541C7B821AE20C9F00C8D0BC /* Level10.cpp */; };
		541C7BE71AE20C9F00C8D0BC /* Level10.cpp in Sources */ = {isa = PBXBuildFile; fileRef = 541C7B821AE20C9F00C8D0BC /* Level10.cpp */; };
		541C7BE81AE20C9F00C8D0BC /* Level11.cpp in Sources */ = {isa = PBXBuildFile; fileRef = 541C7B841AE20C9F00C8D0BC /* Level11.cpp */; };
		541C7BE91AE20C9F00C8D0BC /* Level11.cpp in Sources */ = {isa = PBXBuildFile; fileRef = 541C7B841AE20C9F00C8D0BC /* Level11.cpp */; };
		541C7BEA1AE20C9F00C8D0BC /* Level12.cpp in Sources */ = {isa = PBXBuildFile; fileRef = 541C7B861AE20C9F00C8D0BC /* Level12.cpp */; };
		541C7BEB1AE20C9F00C8D0BC /* Level12.cpp in Sources */ = {isa = PBXBuildFile; fileRef = 541C7B861AE20C9F00C8D0BC /* Level12.cpp */; };
		541C7BEC1AE20C9F00C8D0BC /* Level13.cpp in Sources */ = {isa = PBXBuildFile; fileRef = 541C7B881AE20C9F00C8D0BC /* Level13.cpp */; };
		541C7BED1AE20C9F00C8D0BC /* Level13.cpp in Sources */ = {isa = PBXBuildFile; fileRef = 541C7B881AE20C9F00C8D0BC /* Level13.cpp */; };
		541C7BEE1AE20C9F00C8D0BC /* Level14.cpp in Sources */ = {isa = PBXBuildFile; fileRef = 541C7B8A1AE20C9F00C8D0BC /* Level14.cpp */; };
		541C7BEF1AE20C9F00C8D0BC /* Level14.cpp in Sources */ = {isa = PBXBuildFile; fileRef = 541C7B8A1AE20C9F00C8D0BC /* Level14.cpp */; };
		541C7BF01AE20C9F00C8D0BC /* Level15.cpp in Sources */ = {isa = PBXBuildFile; fileRef = 541C7B8C1AE20C9F00C8D0BC /* Level15.cpp */; };
		541C7BF11AE20C9F00C8D0BC /* Level15.cpp in Sources */ = {isa = PBXBuildFile; fileRef = 541C7B8C1AE20C9F00C8D0BC /* Level15.cpp */; };
		541C7BF21AE20C9F00C8D0BC /* Level16.cpp in Sources */ = {isa = PBXBuildFile; fileRef = 541C7B8E1AE20C9F00C8D0BC /* Level16.cpp */; };
		541C7BF31AE20C9F00C8D0BC /* Level16.cpp in Sources */ = {isa = PBXBuildFile; fileRef = 541C7B8E1AE20C9F00C8D0BC /* Level16.cpp */; };
		541C7BF41AE20C9F00C8D0BC /* Level17.cpp in Sources */ = {isa = PBXBuildFile; fileRef = 541C7B901AE20C9F00C8D0BC /* Level17.cpp */; };
		541C7BF51AE20C9F00C8D0BC /* Level17.cpp in Sources */ = {isa = PBXBuildFile; fileRef = 541C7B901AE20C9F00C8D0BC /* Level17.cpp */; };
		541C7BF61AE20C9F00C8D0BC /* Level18.cpp in Sources */ = {isa = PBXBuildFile; fileRef = 541C7B921AE20C9F00C8D0BC /* Level18.cpp */; };
		541C7BF71AE20C9F00C8D0BC /* Level18.cpp in Sources */ = {isa = PBXBuildFile; fileRef = 541C7B921AE20C9F00C8D0BC /* Level18.cpp */; };
		541C7BF81AE20C9F00C8D0BC /* Level19.cpp in Sources */ = {isa = PBXBuildFile; fileRef = 541C7B941AE20C9F00C8D0BC /* Level19.cpp */; };
		541C7BF91AE20C9F00C8D0BC /* Level19.cpp in Sources */ = {isa = PBXBuildFile; fileRef = 541C7B941AE20C9F00C8D0BC /* Level19.cpp */; };
		541C7BFA1AE20C9F00C8D0BC /* Level2.cpp in Sources */ = {isa = PBXBuildFile; fileRef = 541C7B961AE20C9F00C8D0BC /* Level2.cpp */; };
		541C7BFB1AE20C9F00C8D0BC /* Level2.cpp in Sources */ = {isa = PBXBuildFile; fileRef = 541C7B961AE20C9F00C8D0BC /* Level2.cpp */; };
		541C7BFC1AE20C9F00C8D0BC /* Level20.cpp in Sources */ = {isa = PBXBuildFile; fileRef = 541C7B981AE20C9F00C8D0BC /* Level20.cpp */; };
		541C7BFD1AE20C9F00C8D0BC /* Level20.cpp in Sources */ = {isa = PBXBuildFile; fileRef = 541C7B981AE20C9F00C8D0BC /* Level20.cpp */; };
		541C7BFE1AE20C9F00C8D0BC /* Level21.cpp in Sources */ = {isa = PBXBuildFile; fileRef = 541C7B9A1AE20C9F00C8D0BC /* Level21.cpp */; };
		541C7BFF1AE20C9F00C8D0BC /* Level21.cpp in Sources */ = {isa = PBXBuildFile; fileRef = 541C7B9A1AE20C9F00C8D0BC /* Level21.cpp */; };
		541C7C061AE20C9F00C8D0BC /* Level3.cpp in Sources */ = {isa = PBXBuildFile; fileRef = 541C7BA21AE20C9F00C8D0BC /* Level3.cpp */; };
		541C7C071AE20C9F00C8D0BC /* Level3.cpp in Sources */ = {isa = PBXBuildFile; fileRef = 541C7BA21AE20C9F00C8D0BC /* Level3.cpp */; };
		541C7C081AE20C9F00C8D0BC /* Level4.cpp in Sources */ = {isa = PBXBuildFile; fileRef = 541C7BA41AE20C9F00C8D0BC /* Level4.cpp */; };
		541C7C091AE20C9F00C8D0BC /* Level4.cpp in Sources */ = {isa = PBXBuildFile; fileRef = 541C7BA41AE20C9F00C8D0BC /* Level4.cpp */; };
		541C7C0A1AE20C9F00C8D0BC /* Level5.cpp in Sources */ = {isa = PBXBuildFile; fileRef = 541C7BA61AE20C9F00C8D0BC /* Level5.cpp */; };
		541C7C0B1AE20C9F00C8D0BC /* Level5.cpp in Sources */ = {isa = PBXBuildFile; fileRef = 541C7BA61AE20C9F00C8D0BC /* Level5.cpp */; };
		541C7C0C1AE20C9F00C8D0BC /* Level6.cpp in Sources */ = {isa = PBXBuildFile; fileRef = 541C7BA81AE20C9F00C8D0BC /* Level6.cpp */; };
		541C7C0D1AE20C9F00C8D0BC /* Level6.cpp in Sources */ = {isa = PBXBuildFile; fileRef = 541C7BA81AE20C9F00C8D0BC /* Level6.cpp */; };
		541C7C0E1AE20C9F00C8D0BC /* Level7.cpp in Sources */ = {isa = PBXBuildFile; fileRef = 541C7BAA1AE20C9F00C8D0BC /* Level7.cpp */; };
		541C7C0F1AE20C9F00C8D0BC /* Level7.cpp in Sources */ = {isa = PBXBuildFile; fileRef = 541C7BAA1AE20C9F00C8D0BC /* Level7.cpp */; };
		541C7C101AE20C9F00C8D0BC /* Level8.cpp in Sources */ = {isa = PBXBuildFile; fileRef = 541C7BAC1AE20C9F00C8D0BC /* Level8.cpp */; };
		541C7C111AE20C9F00C8D0BC /* Level8.cpp in Sources */ = {isa = PBXBuildFile; fileRef = 541C7BAC1AE20C9F00C8D0BC /* Level8.cpp */; };
		541C7C121AE20C9F00C8D0BC /* Level9.cpp in Sources */ = {isa = PBXBuildFile; fileRef = 541C7BAE1AE20C9F00C8D0BC /* Level9.cpp */; };
		541C7C131AE20C9F00C8D0BC /* Level9.cpp in Sources */ = {isa = PBXBuildFile; fileRef = 541C7BAE1AE20C9F00C8D0BC /* Level9.cpp */; };
		541C7C141AE20C9F00C8D0BC /* Levels.cpp in Sources */ = {isa = PBXBuildFile; fileRef = 541C7BB01AE20C9F00C8D0BC /* Levels.cpp */; };
		541C7C151AE20C9F00C8D0BC /* Levels.cpp in Sources */ = {isa = PBXBuildFile; fileRef = 541C7BB01AE20C9F00C8D0BC /* Levels.cpp */; };
		541C7C161AE20C9F00C8D0BC /* AboutScene.cpp in Sources */ = {isa = PBXBuildFile; fileRef = 541C7BB31AE20C9F00C8D0BC /* AboutScene.cpp */; };
		541C7C171AE20C9F00C8D0BC /* AboutScene.cpp in Sources */ = {isa = PBXBuildFile; fileRef = 541C7BB31AE20C9F00C8D0BC /* AboutScene.cpp */; };
		541C7C181AE20C9F00C8D0BC /* BaseScene.cpp in Sources */ = {isa = PBXBuildFile; fileRef = 541C7BB51AE20C9F00C8D0BC /* BaseScene.cpp */; };
		541C7C191AE20C9F00C8D0BC /* BaseScene.cpp in Sources */ = {isa = PBXBuildFile; fileRef = 541C7BB51AE20C9F00C8D0BC /* BaseScene.cpp */; };
		541C7C1A1AE20C9F00C8D0BC /* LevelPickerScene.cpp in Sources */ = {isa = PBXBuildFile; fileRef = 541C7BB71AE20C9F00C8D0BC /* LevelPickerScene.cpp */; };
		541C7C1B1AE20C9F00C8D0BC /* LevelPickerScene.cpp in Sources */ = {isa = PBXBuildFile; fileRef = 541C7BB71AE20C9F00C8D0BC /* LevelPickerScene.cpp */; };
		541C7C1C1AE20C9F00C8D0BC /* MainGameScene.cpp in Sources */ = {isa = PBXBuildFile; fileRef = 541C7BB91AE20C9F00C8D0BC /* MainGameScene.cpp */; };
		541C7C1D1AE20C9F00C8D0BC /* MainGameScene.cpp in Sources */ = {isa = PBXBuildFile; fileRef = 541C7BB91AE20C9F00C8D0BC /* MainGameScene.cpp */; };
		541C7C1E1AE20C9F00C8D0BC /* SettingsScene.cpp in Sources */ = {isa = PBXBuildFile; fileRef = 541C7BBB1AE20C9F00C8D0BC /* SettingsScene.cpp */; };
		541C7C1F1AE20C9F00C8D0BC /* SettingsScene.cpp in Sources */ = {isa = PBXBuildFile; fileRef = 541C7BBB1AE20C9F00C8D0BC /* SettingsScene.cpp */; };
		541C7C201AE20C9F00C8D0BC /* SplashScene.cpp in Sources */ = {isa = PBXBuildFile; fileRef = 541C7BBD1AE20C9F00C8D0BC /* SplashScene.cpp */; };
		541C7C211AE20C9F00C8D0BC /* SplashScene.cpp in Sources */ = {isa = PBXBuildFile; fileRef = 541C7BBD1AE20C9F00C8D0BC /* SplashScene.cpp */; };
		541C7C221AE20C9F00C8D0BC /* WelcomeScene.cpp in Sources */ = {isa = PBXBuildFile; fileRef = 541C7BBF1AE20C9F00C8D0BC /* WelcomeScene.cpp */; };
		541C7C231AE20C9F00C8D0BC /* WelcomeScene.cpp in Sources */ = {isa = PBXBuildFile; fileRef = 541C7BBF1AE20C9F00C8D0BC /* WelcomeScene.cpp */; };
		541C7C241AE20C9F00C8D0BC /* stdafx.cpp in Sources */ = {isa = PBXBuildFile; fileRef = 541C7BC11AE20C9F00C8D0BC /* stdafx.cpp */; };
		541C7C251AE20C9F00C8D0BC /* stdafx.cpp in Sources */ = {isa = PBXBuildFile; fileRef = 541C7BC11AE20C9F00C8D0BC /* stdafx.cpp */; };
		541C7C261AE20C9F00C8D0BC /* BallButton.cpp in Sources */ = {isa = PBXBuildFile; fileRef = 541C7BC41AE20C9F00C8D0BC /* BallButton.cpp */; };
		541C7C271AE20C9F00C8D0BC /* BallButton.cpp in Sources */ = {isa = PBXBuildFile; fileRef = 541C7BC41AE20C9F00C8D0BC /* BallButton.cpp */; };
		541C7C281AE20C9F00C8D0BC /* BallDialog.cpp in Sources */ = {isa = PBXBuildFile; fileRef = 541C7BC61AE20C9F00C8D0BC /* BallDialog.cpp */; };
		541C7C291AE20CA000C8D0BC /* BallDialog.cpp in Sources */ = {isa = PBXBuildFile; fileRef = 541C7BC61AE20C9F00C8D0BC /* BallDialog.cpp */; };
		541C7C2A1AE20CA000C8D0BC /* BallSlider.cpp in Sources */ = {isa = PBXBuildFile; fileRef = 541C7BC81AE20C9F00C8D0BC /* BallSlider.cpp */; };
		541C7C2B1AE20CA000C8D0BC /* BallSlider.cpp in Sources */ = {isa = PBXBuildFile; fileRef = 541C7BC81AE20C9F00C8D0BC /* BallSlider.cpp */; };
		541C7C2C1AE20CA000C8D0BC /* EdgedBallButton.cpp in Sources */ = {isa = PBXBuildFile; fileRef = 541C7BCA1AE20C9F00C8D0BC /* EdgedBallButton.cpp */; };
		541C7C2D1AE20CA000C8D0BC /* EdgedBallButton.cpp in Sources */ = {isa = PBXBuildFile; fileRef = 541C7BCA1AE20C9F00C8D0BC /* EdgedBallButton.cpp */; };
		541C7C2E1AE20CA000C8D0BC /* TitleBar.cpp in Sources */ = {isa = PBXBuildFile; fileRef = 541C7BCC1AE20C9F00C8D0BC /* TitleBar.cpp */; };
		541C7C2F1AE20CA000C8D0BC /* TitleBar.cpp in Sources */ = {isa = PBXBuildFile; fileRef = 541C7BCC1AE20C9F00C8D0BC /* TitleBar.cpp */; };
		541C7C321AE2311700C8D0BC /* Brick.cpp in Sources */ = {isa = PBXBuildFile; fileRef = 541C7C301AE2311700C8D0BC /* Brick.cpp */; };
		541C7C331AE2311700C8D0BC /* Brick.cpp in Sources */ = {isa = PBXBuildFile; fileRef = 541C7C301AE2311700C8D0BC /* Brick.cpp */; };
		BF171245129291EC00B8313A /* OpenGLES.framework in Frameworks */ = {isa = PBXBuildFile; fileRef = BF170DB012928DE900B8313A /* OpenGLES.framework */; };
		BF1712471292920000B8313A /* libz.dylib in Frameworks */ = {isa = PBXBuildFile; fileRef = BF170DB412928DE900B8313A /* libz.dylib */; };
		BF1C47F01293687400B63C5D /* QuartzCore.framework in Frameworks */ = {isa = PBXBuildFile; fileRef = BF1C47EA1293683800B63C5D /* QuartzCore.framework */; };
		D44C620C132DFF330009C878 /* OpenAL.framework in Frameworks */ = {isa = PBXBuildFile; fileRef = D44C620B132DFF330009C878 /* OpenAL.framework */; };
		D44C620E132DFF430009C878 /* AVFoundation.framework in Frameworks */ = {isa = PBXBuildFile; fileRef = D44C620D132DFF430009C878 /* AVFoundation.framework */; };
		D44C6210132DFF4E0009C878 /* AudioToolbox.framework in Frameworks */ = {isa = PBXBuildFile; fileRef = D44C620F132DFF4E0009C878 /* AudioToolbox.framework */; };
		D6B0611B1803AB670077942B /* CoreMotion.framework in Frameworks */ = {isa = PBXBuildFile; fileRef = D6B0611A1803AB670077942B /* CoreMotion.framework */; };
/* End PBXBuildFile section */

/* Begin PBXContainerItemProxy section */
		1AC6FAF8180E9839004C840B /* PBXContainerItemProxy */ = {
			isa = PBXContainerItemProxy;
			containerPortal = 1AC6FAE5180E9839004C840B /* cocos2d_libs.xcodeproj */;
			proxyType = 2;
			remoteGlobalIDString = 1551A33F158F2AB200E66CFE;
			remoteInfo = "cocos2dx Mac";
		};
		1AC6FB06180E9839004C840B /* PBXContainerItemProxy */ = {
			isa = PBXContainerItemProxy;
			containerPortal = 1AC6FAE5180E9839004C840B /* cocos2d_libs.xcodeproj */;
			proxyType = 2;
			remoteGlobalIDString = A07A4D641783777C0073F6A7;
			remoteInfo = "cocos2dx iOS";
		};
		1AC6FB15180E9959004C840B /* PBXContainerItemProxy */ = {
			isa = PBXContainerItemProxy;
			containerPortal = 1AC6FAE5180E9839004C840B /* cocos2d_libs.xcodeproj */;
			proxyType = 1;
			remoteGlobalIDString = 1551A33E158F2AB200E66CFE;
			remoteInfo = "cocos2dx Mac";
		};
		1AC6FB24180E99E1004C840B /* PBXContainerItemProxy */ = {
			isa = PBXContainerItemProxy;
			containerPortal = 1AC6FAE5180E9839004C840B /* cocos2d_libs.xcodeproj */;
			proxyType = 1;
			remoteGlobalIDString = A07A4C241783777C0073F6A7;
			remoteInfo = "cocos2dx iOS";
		};
/* End PBXContainerItemProxy section */

/* Begin PBXFileReference section */
		1AC6FAE5180E9839004C840B /* cocos2d_libs.xcodeproj */ = {isa = PBXFileReference; lastKnownFileType = "wrapper.pb-project"; name = cocos2d_libs.xcodeproj; path = ../cocos2d/build/cocos2d_libs.xcodeproj; sourceTree = "<group>"; };
		1ACB3243164770DE00914215 /* libcurl.a */ = {isa = PBXFileReference; lastKnownFileType = archive.ar; name = libcurl.a; path = ../../cocos2dx/platform/third_party/ios/libraries/libcurl.a; sourceTree = "<group>"; };
		1D30AB110D05D00D00671497 /* Foundation.framework */ = {isa = PBXFileReference; lastKnownFileType = wrapper.framework; name = Foundation.framework; path = System/Library/Frameworks/Foundation.framework; sourceTree = SDKROOT; };
		1D6058910D05DD3D006BFB54 /* CCPP iOS.app */ = {isa = PBXFileReference; explicitFileType = wrapper.application; includeInIndex = 0; path = "CCPP iOS.app"; sourceTree = BUILT_PRODUCTS_DIR; };
		1DF5F4DF0D08C38300B7A737 /* UIKit.framework */ = {isa = PBXFileReference; lastKnownFileType = wrapper.framework; name = UIKit.framework; path = System/Library/Frameworks/UIKit.framework; sourceTree = SDKROOT; };
		288765A40DF7441C002DB57D /* CoreGraphics.framework */ = {isa = PBXFileReference; lastKnownFileType = wrapper.framework; name = CoreGraphics.framework; path = System/Library/Frameworks/CoreGraphics.framework; sourceTree = SDKROOT; };
		503AE0F617EB97AB00D1A890 /* Icon.icns */ = {isa = PBXFileReference; lastKnownFileType = image.icns; path = Icon.icns; sourceTree = "<group>"; };
		503AE0F717EB97AB00D1A890 /* Info.plist */ = {isa = PBXFileReference; fileEncoding = 4; lastKnownFileType = text.plist.xml; path = Info.plist; sourceTree = "<group>"; };
		503AE0FA17EB989F00D1A890 /* AppController.h */ = {isa = PBXFileReference; fileEncoding = 4; lastKnownFileType = sourcecode.c.h; name = AppController.h; path = ios/AppController.h; sourceTree = SOURCE_ROOT; };
		503AE0FB17EB989F00D1A890 /* AppController.mm */ = {isa = PBXFileReference; fileEncoding = 4; lastKnownFileType = sourcecode.cpp.objcpp; name = AppController.mm; path = ios/AppController.mm; sourceTree = SOURCE_ROOT; };
		503AE0FC17EB989F00D1A890 /* main.m */ = {isa = PBXFileReference; fileEncoding = 4; lastKnownFileType = sourcecode.c.objc; name = main.m; path = ios/main.m; sourceTree = SOURCE_ROOT; };
		503AE0FD17EB989F00D1A890 /* Prefix.pch */ = {isa = PBXFileReference; fileEncoding = 4; lastKnownFileType = sourcecode.c.h; name = Prefix.pch; path = ios/Prefix.pch; sourceTree = SOURCE_ROOT; };
		503AE0FE17EB989F00D1A890 /* RootViewController.h */ = {isa = PBXFileReference; fileEncoding = 4; lastKnownFileType = sourcecode.c.h; name = RootViewController.h; path = ios/RootViewController.h; sourceTree = SOURCE_ROOT; };
		503AE0FF17EB989F00D1A890 /* RootViewController.mm */ = {isa = PBXFileReference; fileEncoding = 4; lastKnownFileType = sourcecode.cpp.objcpp; name = RootViewController.mm; path = ios/RootViewController.mm; sourceTree = SOURCE_ROOT; };
		503AE10317EB98FF00D1A890 /* main.cpp */ = {isa = PBXFileReference; fileEncoding = 4; lastKnownFileType = sourcecode.cpp.cpp; name = main.cpp; path = mac/main.cpp; sourceTree = "<group>"; };
		503AE10417EB98FF00D1A890 /* Prefix.pch */ = {isa = PBXFileReference; fileEncoding = 4; lastKnownFileType = sourcecode.c.h; name = Prefix.pch; path = mac/Prefix.pch; sourceTree = "<group>"; };
		503AE11117EB99EE00D1A890 /* libcurl.dylib */ = {isa = PBXFileReference; lastKnownFileType = "compiled.mach-o.dylib"; name = libcurl.dylib; path = usr/lib/libcurl.dylib; sourceTree = SDKROOT; };
		503AE11A17EB9C5A00D1A890 /* IOKit.framework */ = {isa = PBXFileReference; lastKnownFileType = wrapper.framework; name = IOKit.framework; path = System/Library/Frameworks/IOKit.framework; sourceTree = SDKROOT; };
		5087E76F17EB910900C73F5D /* CCPP Mac.app */ = {isa = PBXFileReference; explicitFileType = wrapper.application; includeInIndex = 0; path = "CCPP Mac.app"; sourceTree = BUILT_PRODUCTS_DIR; };
		5087E77217EB970100C73F5D /* Default-568h@2x.png */ = {isa = PBXFileReference; lastKnownFileType = image.png; path = "Default-568h@2x.png"; sourceTree = "<group>"; };
		5087E77317EB970100C73F5D /* Default.png */ = {isa = PBXFileReference; lastKnownFileType = image.png; path = Default.png; sourceTree = "<group>"; };
		5087E77417EB970100C73F5D /* Default@2x.png */ = {isa = PBXFileReference; lastKnownFileType = image.png; path = "Default@2x.png"; sourceTree = "<group>"; };
		5087E77517EB970100C73F5D /* Icon-114.png */ = {isa = PBXFileReference; lastKnownFileType = image.png; path = "Icon-114.png"; sourceTree = "<group>"; };
		5087E77617EB970100C73F5D /* Icon-120.png */ = {isa = PBXFileReference; lastKnownFileType = image.png; path = "Icon-120.png"; sourceTree = "<group>"; };
		5087E77717EB970100C73F5D /* Icon-144.png */ = {isa = PBXFileReference; lastKnownFileType = image.png; path = "Icon-144.png"; sourceTree = "<group>"; };
		5087E77817EB970100C73F5D /* Icon-152.png */ = {isa = PBXFileReference; lastKnownFileType = image.png; path = "Icon-152.png"; sourceTree = "<group>"; };
		5087E77917EB970100C73F5D /* Icon-57.png */ = {isa = PBXFileReference; lastKnownFileType = image.png; path = "Icon-57.png"; sourceTree = "<group>"; };
		5087E77A17EB970100C73F5D /* Icon-72.png */ = {isa = PBXFileReference; lastKnownFileType = image.png; path = "Icon-72.png"; sourceTree = "<group>"; };
		5087E77B17EB970100C73F5D /* Icon-76.png */ = {isa = PBXFileReference; lastKnownFileType = image.png; path = "Icon-76.png"; sourceTree = "<group>"; };
		5087E77C17EB970100C73F5D /* Info.plist */ = {isa = PBXFileReference; fileEncoding = 4; lastKnownFileType = text.plist.xml; path = Info.plist; sourceTree = "<group>"; };
		5087E78817EB974C00C73F5D /* AppKit.framework */ = {isa = PBXFileReference; lastKnownFileType = wrapper.framework; name = AppKit.framework; path = System/Library/Frameworks/AppKit.framework; sourceTree = SDKROOT; };
		5087E78A17EB975400C73F5D /* OpenGL.framework */ = {isa = PBXFileReference; lastKnownFileType = wrapper.framework; name = OpenGL.framework; path = System/Library/Frameworks/OpenGL.framework; sourceTree = SDKROOT; };
		50EF629217ECD46A001EB2F8 /* Icon-40.png */ = {isa = PBXFileReference; lastKnownFileType = image.png; path = "Icon-40.png"; sourceTree = "<group>"; };
		50EF629317ECD46A001EB2F8 /* Icon-58.png */ = {isa = PBXFileReference; lastKnownFileType = image.png; path = "Icon-58.png"; sourceTree = "<group>"; };
		50EF629417ECD46A001EB2F8 /* Icon-80.png */ = {isa = PBXFileReference; lastKnownFileType = image.png; path = "Icon-80.png"; sourceTree = "<group>"; };
		50EF629517ECD46A001EB2F8 /* Icon-100.png */ = {isa = PBXFileReference; lastKnownFileType = image.png; path = "Icon-100.png"; sourceTree = "<group>"; };
		50EF62A017ECD613001EB2F8 /* Icon-29.png */ = {isa = PBXFileReference; lastKnownFileType = image.png; path = "Icon-29.png"; sourceTree = "<group>"; };
		50EF62A117ECD613001EB2F8 /* Icon-50.png */ = {isa = PBXFileReference; lastKnownFileType = image.png; path = "Icon-50.png"; sourceTree = "<group>"; };
		521A8E6219F0C34300D177D7 /* Default-667h@2x.png */ = {isa = PBXFileReference; lastKnownFileType = image.png; path = "Default-667h@2x.png"; sourceTree = "<group>"; };
		521A8E6319F0C34300D177D7 /* Default-736h@3x.png */ = {isa = PBXFileReference; lastKnownFileType = image.png; path = "Default-736h@3x.png"; sourceTree = "<group>"; };
		52B47A461A53D09B004E4C60 /* Security.framework */ = {isa = PBXFileReference; lastKnownFileType = wrapper.framework; name = Security.framework; path = Platforms/iPhoneOS.platform/Developer/SDKs/iPhoneOS8.1.sdk/System/Library/Frameworks/Security.framework; sourceTree = DEVELOPER_DIR; };
		541C7B291AE2047300C8D0BC /* audio */ = {isa = PBXFileReference; lastKnownFileType = folder; path = audio; sourceTree = "<group>"; };
		541C7B2A1AE2047300C8D0BC /* diamond_i.png */ = {isa = PBXFileReference; lastKnownFileType = image.png; path = diamond_i.png; sourceTree = "<group>"; };
		541C7B2B1AE2047300C8D0BC /* diamond_o.png */ = {isa = PBXFileReference; lastKnownFileType = image.png; path = diamond_o.png; sourceTree = "<group>"; };
		541C7B2C1AE2047300C8D0BC /* fonts */ = {isa = PBXFileReference; lastKnownFileType = folder; path = fonts; sourceTree = "<group>"; };
		541C7B2D1AE2047300C8D0BC /* g_charmy_av.png */ = {isa = PBXFileReference; lastKnownFileType = image.png; path = g_charmy_av.png; sourceTree = "<group>"; };
		541C7B2E1AE2047300C8D0BC /* g_charmysoft_logo.png */ = {isa = PBXFileReference; lastKnownFileType = image.png; path = g_charmysoft_logo.png; sourceTree = "<group>"; };
		541C7B2F1AE2047300C8D0BC /* icon.png */ = {isa = PBXFileReference; lastKnownFileType = image.png; path = icon.png; sourceTree = "<group>"; };
		541C7B301AE2047300C8D0BC /* ring_i.png */ = {isa = PBXFileReference; lastKnownFileType = image.png; path = ring_i.png; sourceTree = "<group>"; };
		541C7B311AE2047300C8D0BC /* ring_o.png */ = {isa = PBXFileReference; lastKnownFileType = image.png; path = ring_o.png; sourceTree = "<group>"; };
		541C7B321AE2047300C8D0BC /* share.png */ = {isa = PBXFileReference; lastKnownFileType = image.png; path = share.png; sourceTree = "<group>"; };
		541C7B331AE2047300C8D0BC /* target.png */ = {isa = PBXFileReference; lastKnownFileType = image.png; path = target.png; sourceTree = "<group>"; };
		541C7B341AE2047300C8D0BC /* tri_i.png */ = {isa = PBXFileReference; lastKnownFileType = image.png; path = tri_i.png; sourceTree = "<group>"; };
		541C7B351AE2047300C8D0BC /* tri_o.png */ = {isa = PBXFileReference; lastKnownFileType = image.png; path = tri_o.png; sourceTree = "<group>"; };
		541C7B361AE2047300C8D0BC /* ui */ = {isa = PBXFileReference; lastKnownFileType = folder; path = ui; sourceTree = "<group>"; };
		541C7B681AE20C9F00C8D0BC /* AppDelegate.cpp */ = {isa = PBXFileReference; fileEncoding = 4; lastKnownFileType = sourcecode.cpp.cpp; path = AppDelegate.cpp; sourceTree = "<group>"; };
		541C7B691AE20C9F00C8D0BC /* AppDelegate.h */ = {isa = PBXFileReference; fileEncoding = 4; lastKnownFileType = sourcecode.c.h; path = AppDelegate.h; sourceTree = "<group>"; };
		541C7B6D1AE20C9F00C8D0BC /* Diamond.cpp */ = {isa = PBXFileReference; fileEncoding = 4; lastKnownFileType = sourcecode.cpp.cpp; path = Diamond.cpp; sourceTree = "<group>"; };
		541C7B6E1AE20C9F00C8D0BC /* Diamond.h */ = {isa = PBXFileReference; fileEncoding = 4; lastKnownFileType = sourcecode.c.h; path = Diamond.h; sourceTree = "<group>"; };
		541C7B711AE20C9F00C8D0BC /* MainBall.cpp */ = {isa = PBXFileReference; fileEncoding = 4; lastKnownFileType = sourcecode.cpp.cpp; path = MainBall.cpp; sourceTree = "<group>"; };
		541C7B721AE20C9F00C8D0BC /* MainBall.h */ = {isa = PBXFileReference; fileEncoding = 4; lastKnownFileType = sourcecode.c.h; path = MainBall.h; sourceTree = "<group>"; };
		541C7B731AE20C9F00C8D0BC /* Ring.cpp */ = {isa = PBXFileReference; fileEncoding = 4; lastKnownFileType = sourcecode.cpp.cpp; path = Ring.cpp; sourceTree = "<group>"; };
		541C7B741AE20C9F00C8D0BC /* Ring.h */ = {isa = PBXFileReference; fileEncoding = 4; lastKnownFileType = sourcecode.c.h; path = Ring.h; sourceTree = "<group>"; };
		541C7B751AE20C9F00C8D0BC /* SmartString.cpp */ = {isa = PBXFileReference; fileEncoding = 4; lastKnownFileType = sourcecode.cpp.cpp; path = SmartString.cpp; sourceTree = "<group>"; };
		541C7B761AE20C9F00C8D0BC /* SmartString.h */ = {isa = PBXFileReference; fileEncoding = 4; lastKnownFileType = sourcecode.c.h; path = SmartString.h; sourceTree = "<group>"; };
		541C7B771AE20C9F00C8D0BC /* Target.cpp */ = {isa = PBXFileReference; fileEncoding = 4; lastKnownFileType = sourcecode.cpp.cpp; path = Target.cpp; sourceTree = "<group>"; };
		541C7B781AE20C9F00C8D0BC /* Target.h */ = {isa = PBXFileReference; fileEncoding = 4; lastKnownFileType = sourcecode.c.h; path = Target.h; sourceTree = "<group>"; };
		541C7B791AE20C9F00C8D0BC /* Triangle.cpp */ = {isa = PBXFileReference; fileEncoding = 4; lastKnownFileType = sourcecode.cpp.cpp; path = Triangle.cpp; sourceTree = "<group>"; };
		541C7B7A1AE20C9F00C8D0BC /* Triangle.h */ = {isa = PBXFileReference; fileEncoding = 4; lastKnownFileType = sourcecode.c.h; path = Triangle.h; sourceTree = "<group>"; };
		541C7B7B1AE20C9F00C8D0BC /* EngineHelper.cpp */ = {isa = PBXFileReference; fileEncoding = 4; lastKnownFileType = sourcecode.cpp.cpp; path = EngineHelper.cpp; sourceTree = "<group>"; };
		541C7B7C1AE20C9F00C8D0BC /* EngineHelper.h */ = {isa = PBXFileReference; fileEncoding = 4; lastKnownFileType = sourcecode.c.h; path = EngineHelper.h; sourceTree = "<group>"; };
		541C7B7E1AE20C9F00C8D0BC /* BaseLevel.cpp */ = {isa = PBXFileReference; fileEncoding = 4; lastKnownFileType = sourcecode.cpp.cpp; path = BaseLevel.cpp; sourceTree = "<group>"; };
		541C7B7F1AE20C9F00C8D0BC /* BaseLevel.h */ = {isa = PBXFileReference; fileEncoding = 4; lastKnownFileType = sourcecode.c.h; path = BaseLevel.h; sourceTree = "<group>"; };
		541C7B801AE20C9F00C8D0BC /* Level1.cpp */ = {isa = PBXFileReference; fileEncoding = 4; lastKnownFileType = sourcecode.cpp.cpp; path = Level1.cpp; sourceTree = "<group>"; };
		541C7B811AE20C9F00C8D0BC /* Level1.h */ = {isa = PBXFileReference; fileEncoding = 4; lastKnownFileType = sourcecode.c.h; path = Level1.h; sourceTree = "<group>"; };
		541C7B821AE20C9F00C8D0BC /* Level10.cpp */ = {isa = PBXFileReference; fileEncoding = 4; lastKnownFileType = sourcecode.cpp.cpp; path = Level10.cpp; sourceTree = "<group>"; };
		541C7B831AE20C9F00C8D0BC /* Level10.h */ = {isa = PBXFileReference; fileEncoding = 4; lastKnownFileType = sourcecode.c.h; path = Level10.h; sourceTree = "<group>"; };
		541C7B841AE20C9F00C8D0BC /* Level11.cpp */ = {isa = PBXFileReference; fileEncoding = 4; lastKnownFileType = sourcecode.cpp.cpp; path = Level11.cpp; sourceTree = "<group>"; };
		541C7B851AE20C9F00C8D0BC /* Level11.h */ = {isa = PBXFileReference; fileEncoding = 4; lastKnownFileType = sourcecode.c.h; path = Level11.h; sourceTree = "<group>"; };
		541C7B861AE20C9F00C8D0BC /* Level12.cpp */ = {isa = PBXFileReference; fileEncoding = 4; lastKnownFileType = sourcecode.cpp.cpp; path = Level12.cpp; sourceTree = "<group>"; };
		541C7B871AE20C9F00C8D0BC /* Level12.h */ = {isa = PBXFileReference; fileEncoding = 4; lastKnownFileType = sourcecode.c.h; path = Level12.h; sourceTree = "<group>"; };
		541C7B881AE20C9F00C8D0BC /* Level13.cpp */ = {isa = PBXFileReference; fileEncoding = 4; lastKnownFileType = sourcecode.cpp.cpp; path = Level13.cpp; sourceTree = "<group>"; };
		541C7B891AE20C9F00C8D0BC /* Level13.h */ = {isa = PBXFileReference; fileEncoding = 4; lastKnownFileType = sourcecode.c.h; path = Level13.h; sourceTree = "<group>"; };
		541C7B8A1AE20C9F00C8D0BC /* Level14.cpp */ = {isa = PBXFileReference; fileEncoding = 4; lastKnownFileType = sourcecode.cpp.cpp; path = Level14.cpp; sourceTree = "<group>"; };
		541C7B8B1AE20C9F00C8D0BC /* Level14.h */ = {isa = PBXFileReference; fileEncoding = 4; lastKnownFileType = sourcecode.c.h; path = Level14.h; sourceTree = "<group>"; };
		541C7B8C1AE20C9F00C8D0BC /* Level15.cpp */ = {isa = PBXFileReference; fileEncoding = 4; lastKnownFileType = sourcecode.cpp.cpp; path = Level15.cpp; sourceTree = "<group>"; };
		541C7B8D1AE20C9F00C8D0BC /* Level15.h */ = {isa = PBXFileReference; fileEncoding = 4; lastKnownFileType = sourcecode.c.h; path = Level15.h; sourceTree = "<group>"; };
		541C7B8E1AE20C9F00C8D0BC /* Level16.cpp */ = {isa = PBXFileReference; fileEncoding = 4; lastKnownFileType = sourcecode.cpp.cpp; path = Level16.cpp; sourceTree = "<group>"; };
		541C7B8F1AE20C9F00C8D0BC /* Level16.h */ = {isa = PBXFileReference; fileEncoding = 4; lastKnownFileType = sourcecode.c.h; path = Level16.h; sourceTree = "<group>"; };
		541C7B901AE20C9F00C8D0BC /* Level17.cpp */ = {isa = PBXFileReference; fileEncoding = 4; lastKnownFileType = sourcecode.cpp.cpp; path = Level17.cpp; sourceTree = "<group>"; };
		541C7B911AE20C9F00C8D0BC /* Level17.h */ = {isa = PBXFileReference; fileEncoding = 4; lastKnownFileType = sourcecode.c.h; path = Level17.h; sourceTree = "<group>"; };
		541C7B921AE20C9F00C8D0BC /* Level18.cpp */ = {isa = PBXFileReference; fileEncoding = 4; lastKnownFileType = sourcecode.cpp.cpp; path = Level18.cpp; sourceTree = "<group>"; };
		541C7B931AE20C9F00C8D0BC /* Level18.h */ = {isa = PBXFileReference; fileEncoding = 4; lastKnownFileType = sourcecode.c.h; path = Level18.h; sourceTree = "<group>"; };
		541C7B941AE20C9F00C8D0BC /* Level19.cpp */ = {isa = PBXFileReference; fileEncoding = 4; lastKnownFileType = sourcecode.cpp.cpp; path = Level19.cpp; sourceTree = "<group>"; };
		541C7B951AE20C9F00C8D0BC /* Level19.h */ = {isa = PBXFileReference; fileEncoding = 4; lastKnownFileType = sourcecode.c.h; path = Level19.h; sourceTree = "<group>"; };
		541C7B961AE20C9F00C8D0BC /* Level2.cpp */ = {isa = PBXFileReference; fileEncoding = 4; lastKnownFileType = sourcecode.cpp.cpp; path = Level2.cpp; sourceTree = "<group>"; };
		541C7B971AE20C9F00C8D0BC /* Level2.h */ = {isa = PBXFileReference; fileEncoding = 4; lastKnownFileType = sourcecode.c.h; path = Level2.h; sourceTree = "<group>"; };
		541C7B981AE20C9F00C8D0BC /* Level20.cpp */ = {isa = PBXFileReference; fileEncoding = 4; lastKnownFileType = sourcecode.cpp.cpp; path = Level20.cpp; sourceTree = "<group>"; };
		541C7B991AE20C9F00C8D0BC /* Level20.h */ = {isa = PBXFileReference; fileEncoding = 4; lastKnownFileType = sourcecode.c.h; path = Level20.h; sourceTree = "<group>"; };
		541C7B9A1AE20C9F00C8D0BC /* Level21.cpp */ = {isa = PBXFileReference; fileEncoding = 4; lastKnownFileType = sourcecode.cpp.cpp; path = Level21.cpp; sourceTree = "<group>"; };
		541C7B9B1AE20C9F00C8D0BC /* Level21.h */ = {isa = PBXFileReference; fileEncoding = 4; lastKnownFileType = sourcecode.c.h; path = Level21.h; sourceTree = "<group>"; };
		541C7BA21AE20C9F00C8D0BC /* Level3.cpp */ = {isa = PBXFileReference; fileEncoding = 4; lastKnownFileType = sourcecode.cpp.cpp; path = Level3.cpp; sourceTree = "<group>"; };
		541C7BA31AE20C9F00C8D0BC /* Level3.h */ = {isa = PBXFileReference; fileEncoding = 4; lastKnownFileType = sourcecode.c.h; path = Level3.h; sourceTree = "<group>"; };
		541C7BA41AE20C9F00C8D0BC /* Level4.cpp */ = {isa = PBXFileReference; fileEncoding = 4; lastKnownFileType = sourcecode.cpp.cpp; path = Level4.cpp; sourceTree = "<group>"; };
		541C7BA51AE20C9F00C8D0BC /* Level4.h */ = {isa = PBXFileReference; fileEncoding = 4; lastKnownFileType = sourcecode.c.h; path = Level4.h; sourceTree = "<group>"; };
		541C7BA61AE20C9F00C8D0BC /* Level5.cpp */ = {isa = PBXFileReference; fileEncoding = 4; lastKnownFileType = sourcecode.cpp.cpp; path = Level5.cpp; sourceTree = "<group>"; };
		541C7BA71AE20C9F00C8D0BC /* Level5.h */ = {isa = PBXFileReference; fileEncoding = 4; lastKnownFileType = sourcecode.c.h; path = Level5.h; sourceTree = "<group>"; };
		541C7BA81AE20C9F00C8D0BC /* Level6.cpp */ = {isa = PBXFileReference; fileEncoding = 4; lastKnownFileType = sourcecode.cpp.cpp; path = Level6.cpp; sourceTree = "<group>"; };
		541C7BA91AE20C9F00C8D0BC /* Level6.h */ = {isa = PBXFileReference; fileEncoding = 4; lastKnownFileType = sourcecode.c.h; path = Level6.h; sourceTree = "<group>"; };
		541C7BAA1AE20C9F00C8D0BC /* Level7.cpp */ = {isa = PBXFileReference; fileEncoding = 4; lastKnownFileType = sourcecode.cpp.cpp; path = Level7.cpp; sourceTree = "<group>"; };
		541C7BAB1AE20C9F00C8D0BC /* Level7.h */ = {isa = PBXFileReference; fileEncoding = 4; lastKnownFileType = sourcecode.c.h; path = Level7.h; sourceTree = "<group>"; };
		541C7BAC1AE20C9F00C8D0BC /* Level8.cpp */ = {isa = PBXFileReference; fileEncoding = 4; lastKnownFileType = sourcecode.cpp.cpp; path = Level8.cpp; sourceTree = "<group>"; };
		541C7BAD1AE20C9F00C8D0BC /* Level8.h */ = {isa = PBXFileReference; fileEncoding = 4; lastKnownFileType = sourcecode.c.h; path = Level8.h; sourceTree = "<group>"; };
		541C7BAE1AE20C9F00C8D0BC /* Level9.cpp */ = {isa = PBXFileReference; fileEncoding = 4; lastKnownFileType = sourcecode.cpp.cpp; path = Level9.cpp; sourceTree = "<group>"; };
		541C7BAF1AE20C9F00C8D0BC /* Level9.h */ = {isa = PBXFileReference; fileEncoding = 4; lastKnownFileType = sourcecode.c.h; path = Level9.h; sourceTree = "<group>"; };
		541C7BB01AE20C9F00C8D0BC /* Levels.cpp */ = {isa = PBXFileReference; fileEncoding = 4; lastKnownFileType = sourcecode.cpp.cpp; path = Levels.cpp; sourceTree = "<group>"; };
		541C7BB11AE20C9F00C8D0BC /* Levels.h */ = {isa = PBXFileReference; fileEncoding = 4; lastKnownFileType = sourcecode.c.h; path = Levels.h; sourceTree = "<group>"; };
		541C7BB31AE20C9F00C8D0BC /* AboutScene.cpp */ = {isa = PBXFileReference; fileEncoding = 4; lastKnownFileType = sourcecode.cpp.cpp; path = AboutScene.cpp; sourceTree = "<group>"; };
		541C7BB41AE20C9F00C8D0BC /* AboutScene.h */ = {isa = PBXFileReference; fileEncoding = 4; lastKnownFileType = sourcecode.c.h; path = AboutScene.h; sourceTree = "<group>"; };
		541C7BB51AE20C9F00C8D0BC /* BaseScene.cpp */ = {isa = PBXFileReference; fileEncoding = 4; lastKnownFileType = sourcecode.cpp.cpp; path = BaseScene.cpp; sourceTree = "<group>"; };
		541C7BB61AE20C9F00C8D0BC /* BaseScene.h */ = {isa = PBXFileReference; fileEncoding = 4; lastKnownFileType = sourcecode.c.h; path = BaseScene.h; sourceTree = "<group>"; };
		541C7BB71AE20C9F00C8D0BC /* LevelPickerScene.cpp */ = {isa = PBXFileReference; fileEncoding = 4; lastKnownFileType = sourcecode.cpp.cpp; path = LevelPickerScene.cpp; sourceTree = "<group>"; };
		541C7BB81AE20C9F00C8D0BC /* LevelPickerScene.h */ = {isa = PBXFileReference; fileEncoding = 4; lastKnownFileType = sourcecode.c.h; path = LevelPickerScene.h; sourceTree = "<group>"; };
		541C7BB91AE20C9F00C8D0BC /* MainGameScene.cpp */ = {isa = PBXFileReference; fileEncoding = 4; lastKnownFileType = sourcecode.cpp.cpp; path = MainGameScene.cpp; sourceTree = "<group>"; };
		541C7BBA1AE20C9F00C8D0BC /* MainGameScene.h */ = {isa = PBXFileReference; fileEncoding = 4; lastKnownFileType = sourcecode.c.h; path = MainGameScene.h; sourceTree = "<group>"; };
		541C7BBB1AE20C9F00C8D0BC /* SettingsScene.cpp */ = {isa = PBXFileReference; fileEncoding = 4; lastKnownFileType = sourcecode.cpp.cpp; path = SettingsScene.cpp; sourceTree = "<group>"; };
		541C7BBC1AE20C9F00C8D0BC /* SettingsScene.h */ = {isa = PBXFileReference; fileEncoding = 4; lastKnownFileType = sourcecode.c.h; path = SettingsScene.h; sourceTree = "<group>"; };
		541C7BBD1AE20C9F00C8D0BC /* SplashScene.cpp */ = {isa = PBXFileReference; fileEncoding = 4; lastKnownFileType = sourcecode.cpp.cpp; path = SplashScene.cpp; sourceTree = "<group>"; };
		541C7BBE1AE20C9F00C8D0BC /* SplashScene.h */ = {isa = PBXFileReference; fileEncoding = 4; lastKnownFileType = sourcecode.c.h; path = SplashScene.h; sourceTree = "<group>"; };
		541C7BBF1AE20C9F00C8D0BC /* WelcomeScene.cpp */ = {isa = PBXFileReference; fileEncoding = 4; lastKnownFileType = sourcecode.cpp.cpp; path = WelcomeScene.cpp; sourceTree = "<group>"; };
		541C7BC01AE20C9F00C8D0BC /* WelcomeScene.h */ = {isa = PBXFileReference; fileEncoding = 4; lastKnownFileType = sourcecode.c.h; path = WelcomeScene.h; sourceTree = "<group>"; };
		541C7BC11AE20C9F00C8D0BC /* stdafx.cpp */ = {isa = PBXFileReference; fileEncoding = 4; lastKnownFileType = sourcecode.cpp.cpp; path = stdafx.cpp; sourceTree = "<group>"; };
		541C7BC21AE20C9F00C8D0BC /* stdafx.h */ = {isa = PBXFileReference; fileEncoding = 4; lastKnownFileType = sourcecode.c.h; path = stdafx.h; sourceTree = "<group>"; };
		541C7BC41AE20C9F00C8D0BC /* BallButton.cpp */ = {isa = PBXFileReference; fileEncoding = 4; lastKnownFileType = sourcecode.cpp.cpp; path = BallButton.cpp; sourceTree = "<group>"; };
		541C7BC51AE20C9F00C8D0BC /* BallButton.h */ = {isa = PBXFileReference; fileEncoding = 4; lastKnownFileType = sourcecode.c.h; path = BallButton.h; sourceTree = "<group>"; };
		541C7BC61AE20C9F00C8D0BC /* BallDialog.cpp */ = {isa = PBXFileReference; fileEncoding = 4; lastKnownFileType = sourcecode.cpp.cpp; path = BallDialog.cpp; sourceTree = "<group>"; };
		541C7BC71AE20C9F00C8D0BC /* BallDialog.h */ = {isa = PBXFileReference; fileEncoding = 4; lastKnownFileType = sourcecode.c.h; path = BallDialog.h; sourceTree = "<group>"; };
		541C7BC81AE20C9F00C8D0BC /* BallSlider.cpp */ = {isa = PBXFileReference; fileEncoding = 4; lastKnownFileType = sourcecode.cpp.cpp; path = BallSlider.cpp; sourceTree = "<group>"; };
		541C7BC91AE20C9F00C8D0BC /* BallSlider.h */ = {isa = PBXFileReference; fileEncoding = 4; lastKnownFileType = sourcecode.c.h; path = BallSlider.h; sourceTree = "<group>"; };
		541C7BCA1AE20C9F00C8D0BC /* EdgedBallButton.cpp */ = {isa = PBXFileReference; fileEncoding = 4; lastKnownFileType = sourcecode.cpp.cpp; path = EdgedBallButton.cpp; sourceTree = "<group>"; };
		541C7BCB1AE20C9F00C8D0BC /* EdgedBallButton.h */ = {isa = PBXFileReference; fileEncoding = 4; lastKnownFileType = sourcecode.c.h; path = EdgedBallButton.h; sourceTree = "<group>"; };
		541C7BCC1AE20C9F00C8D0BC /* TitleBar.cpp */ = {isa = PBXFileReference; fileEncoding = 4; lastKnownFileType = sourcecode.cpp.cpp; path = TitleBar.cpp; sourceTree = "<group>"; };
		541C7BCD1AE20C9F00C8D0BC /* TitleBar.h */ = {isa = PBXFileReference; fileEncoding = 4; lastKnownFileType = sourcecode.c.h; path = TitleBar.h; sourceTree = "<group>"; };
		541C7C301AE2311700C8D0BC /* Brick.cpp */ = {isa = PBXFileReference; fileEncoding = 4; lastKnownFileType = sourcecode.cpp.cpp; path = Brick.cpp; sourceTree = "<group>"; };
		541C7C311AE2311700C8D0BC /* Brick.h */ = {isa = PBXFileReference; fileEncoding = 4; lastKnownFileType = sourcecode.c.h; path = Brick.h; sourceTree = "<group>"; };
		BF170DB012928DE900B8313A /* OpenGLES.framework */ = {isa = PBXFileReference; lastKnownFileType = wrapper.framework; name = OpenGLES.framework; path = System/Library/Frameworks/OpenGLES.framework; sourceTree = SDKROOT; };
		BF170DB412928DE900B8313A /* libz.dylib */ = {isa = PBXFileReference; lastKnownFileType = "compiled.mach-o.dylib"; name = libz.dylib; path = usr/lib/libz.dylib; sourceTree = SDKROOT; };
		BF1C47EA1293683800B63C5D /* QuartzCore.framework */ = {isa = PBXFileReference; lastKnownFileType = wrapper.framework; name = QuartzCore.framework; path = System/Library/Frameworks/QuartzCore.framework; sourceTree = SDKROOT; };
		D44C620B132DFF330009C878 /* OpenAL.framework */ = {isa = PBXFileReference; lastKnownFileType = wrapper.framework; name = OpenAL.framework; path = System/Library/Frameworks/OpenAL.framework; sourceTree = SDKROOT; };
		D44C620D132DFF430009C878 /* AVFoundation.framework */ = {isa = PBXFileReference; lastKnownFileType = wrapper.framework; name = AVFoundation.framework; path = System/Library/Frameworks/AVFoundation.framework; sourceTree = SDKROOT; };
		D44C620F132DFF4E0009C878 /* AudioToolbox.framework */ = {isa = PBXFileReference; lastKnownFileType = wrapper.framework; name = AudioToolbox.framework; path = System/Library/Frameworks/AudioToolbox.framework; sourceTree = SDKROOT; };
		D6B0611A1803AB670077942B /* CoreMotion.framework */ = {isa = PBXFileReference; lastKnownFileType = wrapper.framework; name = CoreMotion.framework; path = Platforms/iPhoneOS.platform/Developer/SDKs/iPhoneOS7.0.sdk/System/Library/Frameworks/CoreMotion.framework; sourceTree = DEVELOPER_DIR; };
/* End PBXFileReference section */

/* Begin PBXFrameworksBuildPhase section */
		1D60588F0D05DD3D006BFB54 /* Frameworks */ = {
			isa = PBXFrameworksBuildPhase;
			buildActionMask = 2147483647;
			files = (
				52B47A471A53D09C004E4C60 /* Security.framework in Frameworks */,
				1AC6FB30180E99EB004C840B /* libcocos2d iOS.a in Frameworks */,
				D6B0611B1803AB670077942B /* CoreMotion.framework in Frameworks */,
				1D60589F0D05DD5A006BFB54 /* Foundation.framework in Frameworks */,
				1DF5F4E00D08C38300B7A737 /* UIKit.framework in Frameworks */,
				288765A50DF7441C002DB57D /* CoreGraphics.framework in Frameworks */,
				BF171245129291EC00B8313A /* OpenGLES.framework in Frameworks */,
				BF1712471292920000B8313A /* libz.dylib in Frameworks */,
				BF1C47F01293687400B63C5D /* QuartzCore.framework in Frameworks */,
				D44C620C132DFF330009C878 /* OpenAL.framework in Frameworks */,
				D44C620E132DFF430009C878 /* AVFoundation.framework in Frameworks */,
				D44C6210132DFF4E0009C878 /* AudioToolbox.framework in Frameworks */,
			);
			runOnlyForDeploymentPostprocessing = 0;
		};
		5087E75C17EB910900C73F5D /* Frameworks */ = {
			isa = PBXFrameworksBuildPhase;
			buildActionMask = 2147483647;
			files = (
				1AC6FB21180E996B004C840B /* libcocos2d Mac.a in Frameworks */,
				5087E76717EB910900C73F5D /* libz.dylib in Frameworks */,
				503AE11B17EB9C5A00D1A890 /* IOKit.framework in Frameworks */,
				5087E78B17EB975400C73F5D /* OpenGL.framework in Frameworks */,
				5087E78917EB974C00C73F5D /* AppKit.framework in Frameworks */,
				5087E76317EB910900C73F5D /* Foundation.framework in Frameworks */,
				5087E76817EB910900C73F5D /* QuartzCore.framework in Frameworks */,
				5087E76917EB910900C73F5D /* OpenAL.framework in Frameworks */,
				5087E76A17EB910900C73F5D /* AVFoundation.framework in Frameworks */,
				5087E76B17EB910900C73F5D /* AudioToolbox.framework in Frameworks */,
			);
			runOnlyForDeploymentPostprocessing = 0;
		};
/* End PBXFrameworksBuildPhase section */

/* Begin PBXGroup section */
		080E96DDFE201D6D7F000001 /* ios */ = {
			isa = PBXGroup;
			children = (
				5087E77117EB970100C73F5D /* Icons */,
				503AE0FA17EB989F00D1A890 /* AppController.h */,
				503AE0FB17EB989F00D1A890 /* AppController.mm */,
				503AE0FC17EB989F00D1A890 /* main.m */,
				503AE0FD17EB989F00D1A890 /* Prefix.pch */,
				503AE0FE17EB989F00D1A890 /* RootViewController.h */,
				503AE0FF17EB989F00D1A890 /* RootViewController.mm */,
			);
			name = ios;
			path = Classes;
			sourceTree = "<group>";
		};
		19C28FACFE9D520D11CA2CBB /* Products */ = {
			isa = PBXGroup;
			children = (
				1D6058910D05DD3D006BFB54 /* CCPP iOS.app */,
				5087E76F17EB910900C73F5D /* CCPP Mac.app */,
			);
			name = Products;
			sourceTree = "<group>";
		};
		1AC6FAE6180E9839004C840B /* Products */ = {
			isa = PBXGroup;
			children = (
				1AC6FAF9180E9839004C840B /* libcocos2d Mac.a */,
				1AC6FB07180E9839004C840B /* libcocos2d iOS.a */,
			);
			name = Products;
			sourceTree = "<group>";
		};
		29B97314FDCFA39411CA2CEA /* CustomTemplate */ = {
			isa = PBXGroup;
			children = (
				541C7B671AE20C9F00C8D0BC /* Classes */,
				46880B7519C43A67006E1F66 /* Resources */,
				1AC6FAE5180E9839004C840B /* cocos2d_libs.xcodeproj */,
				29B97323FDCFA39411CA2CEA /* Frameworks */,
				080E96DDFE201D6D7F000001 /* ios */,
				503AE10617EB990700D1A890 /* mac */,
				19C28FACFE9D520D11CA2CBB /* Products */,
			);
			name = CustomTemplate;
			sourceTree = "<group>";
		};
		29B97323FDCFA39411CA2CEA /* Frameworks */ = {
			isa = PBXGroup;
			children = (
				52B47A461A53D09B004E4C60 /* Security.framework */,
				D6B0611A1803AB670077942B /* CoreMotion.framework */,
				503AE11A17EB9C5A00D1A890 /* IOKit.framework */,
				503AE11117EB99EE00D1A890 /* libcurl.dylib */,
				5087E78A17EB975400C73F5D /* OpenGL.framework */,
				5087E78817EB974C00C73F5D /* AppKit.framework */,
				1ACB3243164770DE00914215 /* libcurl.a */,
				BF170DB412928DE900B8313A /* libz.dylib */,
				D44C620F132DFF4E0009C878 /* AudioToolbox.framework */,
				D44C620D132DFF430009C878 /* AVFoundation.framework */,
				288765A40DF7441C002DB57D /* CoreGraphics.framework */,
				1D30AB110D05D00D00671497 /* Foundation.framework */,
				D44C620B132DFF330009C878 /* OpenAL.framework */,
				BF170DB012928DE900B8313A /* OpenGLES.framework */,
				BF1C47EA1293683800B63C5D /* QuartzCore.framework */,
				1DF5F4DF0D08C38300B7A737 /* UIKit.framework */,
			);
			name = Frameworks;
			sourceTree = "<group>";
		};
		46880B7519C43A67006E1F66 /* Resources */ = {
			isa = PBXGroup;
			children = (
				541C7B291AE2047300C8D0BC /* audio */,
				541C7B2A1AE2047300C8D0BC /* diamond_i.png */,
				541C7B2B1AE2047300C8D0BC /* diamond_o.png */,
				541C7B2C1AE2047300C8D0BC /* fonts */,
				541C7B2D1AE2047300C8D0BC /* g_charmy_av.png */,
				541C7B2E1AE2047300C8D0BC /* g_charmysoft_logo.png */,
				541C7B2F1AE2047300C8D0BC /* icon.png */,
				541C7B301AE2047300C8D0BC /* ring_i.png */,
				541C7B311AE2047300C8D0BC /* ring_o.png */,
				541C7B321AE2047300C8D0BC /* share.png */,
				541C7B331AE2047300C8D0BC /* target.png */,
				541C7B341AE2047300C8D0BC /* tri_i.png */,
				541C7B351AE2047300C8D0BC /* tri_o.png */,
				541C7B361AE2047300C8D0BC /* ui */,
			);
			name = Resources;
			path = ../Resources;
			sourceTree = "<group>";
		};
		503AE0F517EB97AB00D1A890 /* Icons */ = {
			isa = PBXGroup;
			children = (
				503AE0F617EB97AB00D1A890 /* Icon.icns */,
				503AE0F717EB97AB00D1A890 /* Info.plist */,
			);
			name = Icons;
			path = mac;
			sourceTree = SOURCE_ROOT;
		};
		503AE10617EB990700D1A890 /* mac */ = {
			isa = PBXGroup;
			children = (
				503AE0F517EB97AB00D1A890 /* Icons */,
				503AE10317EB98FF00D1A890 /* main.cpp */,
				503AE10417EB98FF00D1A890 /* Prefix.pch */,
			);
			name = mac;
			sourceTree = "<group>";
		};
		5087E77117EB970100C73F5D /* Icons */ = {
			isa = PBXGroup;
			children = (
				521A8E6219F0C34300D177D7 /* Default-667h@2x.png */,
				521A8E6319F0C34300D177D7 /* Default-736h@3x.png */,
				5087E77217EB970100C73F5D /* Default-568h@2x.png */,
				5087E77317EB970100C73F5D /* Default.png */,
				5087E77417EB970100C73F5D /* Default@2x.png */,
				50EF62A017ECD613001EB2F8 /* Icon-29.png */,
				50EF62A117ECD613001EB2F8 /* Icon-50.png */,
				50EF629217ECD46A001EB2F8 /* Icon-40.png */,
				50EF629317ECD46A001EB2F8 /* Icon-58.png */,
				50EF629417ECD46A001EB2F8 /* Icon-80.png */,
				50EF629517ECD46A001EB2F8 /* Icon-100.png */,
				5087E77517EB970100C73F5D /* Icon-114.png */,
				5087E77617EB970100C73F5D /* Icon-120.png */,
				5087E77717EB970100C73F5D /* Icon-144.png */,
				5087E77817EB970100C73F5D /* Icon-152.png */,
				5087E77917EB970100C73F5D /* Icon-57.png */,
				5087E77A17EB970100C73F5D /* Icon-72.png */,
				5087E77B17EB970100C73F5D /* Icon-76.png */,
				5087E77C17EB970100C73F5D /* Info.plist */,
			);
			name = Icons;
			path = ios;
			sourceTree = SOURCE_ROOT;
		};
		541C7B671AE20C9F00C8D0BC /* Classes */ = {
			isa = PBXGroup;
			children = (
				541C7B681AE20C9F00C8D0BC /* AppDelegate.cpp */,
				541C7B691AE20C9F00C8D0BC /* AppDelegate.h */,
				541C7B6A1AE20C9F00C8D0BC /* Element */,
				541C7B7B1AE20C9F00C8D0BC /* EngineHelper.cpp */,
				541C7B7C1AE20C9F00C8D0BC /* EngineHelper.h */,
				541C7B7D1AE20C9F00C8D0BC /* Levels */,
				541C7BB21AE20C9F00C8D0BC /* Scene */,
				541C7BC11AE20C9F00C8D0BC /* stdafx.cpp */,
				541C7BC21AE20C9F00C8D0BC /* stdafx.h */,
				541C7BC31AE20C9F00C8D0BC /* UI */,
			);
			name = Classes;
			path = ../Classes;
			sourceTree = "<group>";
		};
		541C7B6A1AE20C9F00C8D0BC /* Element */ = {
			isa = PBXGroup;
			children = (
				541C7C301AE2311700C8D0BC /* Brick.cpp */,
				541C7C311AE2311700C8D0BC /* Brick.h */,
				541C7B6D1AE20C9F00C8D0BC /* Diamond.cpp */,
				541C7B6E1AE20C9F00C8D0BC /* Diamond.h */,
				541C7B711AE20C9F00C8D0BC /* MainBall.cpp */,
				541C7B721AE20C9F00C8D0BC /* MainBall.h */,
				541C7B731AE20C9F00C8D0BC /* Ring.cpp */,
				541C7B741AE20C9F00C8D0BC /* Ring.h */,
				541C7B751AE20C9F00C8D0BC /* SmartString.cpp */,
				541C7B761AE20C9F00C8D0BC /* SmartString.h */,
				541C7B771AE20C9F00C8D0BC /* Target.cpp */,
				541C7B781AE20C9F00C8D0BC /* Target.h */,
				541C7B791AE20C9F00C8D0BC /* Triangle.cpp */,
				541C7B7A1AE20C9F00C8D0BC /* Triangle.h */,
			);
			path = Element;
			sourceTree = "<group>";
		};
		541C7B7D1AE20C9F00C8D0BC /* Levels */ = {
			isa = PBXGroup;
			children = (
				541C7B7E1AE20C9F00C8D0BC /* BaseLevel.cpp */,
				541C7B7F1AE20C9F00C8D0BC /* BaseLevel.h */,
				541C7B801AE20C9F00C8D0BC /* Level1.cpp */,
				541C7B811AE20C9F00C8D0BC /* Level1.h */,
				541C7B821AE20C9F00C8D0BC /* Level10.cpp */,
				541C7B831AE20C9F00C8D0BC /* Level10.h */,
				541C7B841AE20C9F00C8D0BC /* Level11.cpp */,
				541C7B851AE20C9F00C8D0BC /* Level11.h */,
				541C7B861AE20C9F00C8D0BC /* Level12.cpp */,
				541C7B871AE20C9F00C8D0BC /* Level12.h */,
				541C7B881AE20C9F00C8D0BC /* Level13.cpp */,
				541C7B891AE20C9F00C8D0BC /* Level13.h */,
				541C7B8A1AE20C9F00C8D0BC /* Level14.cpp */,
				541C7B8B1AE20C9F00C8D0BC /* Level14.h */,
				541C7B8C1AE20C9F00C8D0BC /* Level15.cpp */,
				541C7B8D1AE20C9F00C8D0BC /* Level15.h */,
				541C7B8E1AE20C9F00C8D0BC /* Level16.cpp */,
				541C7B8F1AE20C9F00C8D0BC /* Level16.h */,
				541C7B901AE20C9F00C8D0BC /* Level17.cpp */,
				541C7B911AE20C9F00C8D0BC /* Level17.h */,
				541C7B921AE20C9F00C8D0BC /* Level18.cpp */,
				541C7B931AE20C9F00C8D0BC /* Level18.h */,
				541C7B941AE20C9F00C8D0BC /* Level19.cpp */,
				541C7B951AE20C9F00C8D0BC /* Level19.h */,
				541C7B961AE20C9F00C8D0BC /* Level2.cpp */,
				541C7B971AE20C9F00C8D0BC /* Level2.h */,
				541C7B981AE20C9F00C8D0BC /* Level20.cpp */,
				541C7B991AE20C9F00C8D0BC /* Level20.h */,
				541C7B9A1AE20C9F00C8D0BC /* Level21.cpp */,
				541C7B9B1AE20C9F00C8D0BC /* Level21.h */,
				541C7BA21AE20C9F00C8D0BC /* Level3.cpp */,
				541C7BA31AE20C9F00C8D0BC /* Level3.h */,
				541C7BA41AE20C9F00C8D0BC /* Level4.cpp */,
				541C7BA51AE20C9F00C8D0BC /* Level4.h */,
				541C7BA61AE20C9F00C8D0BC /* Level5.cpp */,
				541C7BA71AE20C9F00C8D0BC /* Level5.h */,
				541C7BA81AE20C9F00C8D0BC /* Level6.cpp */,
				541C7BA91AE20C9F00C8D0BC /* Level6.h */,
				541C7BAA1AE20C9F00C8D0BC /* Level7.cpp */,
				541C7BAB1AE20C9F00C8D0BC /* Level7.h */,
				541C7BAC1AE20C9F00C8D0BC /* Level8.cpp */,
				541C7BAD1AE20C9F00C8D0BC /* Level8.h */,
				541C7BAE1AE20C9F00C8D0BC /* Level9.cpp */,
				541C7BAF1AE20C9F00C8D0BC /* Level9.h */,
				541C7BB01AE20C9F00C8D0BC /* Levels.cpp */,
				541C7BB11AE20C9F00C8D0BC /* Levels.h */,
			);
			path = Levels;
			sourceTree = "<group>";
		};
		541C7BB21AE20C9F00C8D0BC /* Scene */ = {
			isa = PBXGroup;
			children = (
				541C7BB31AE20C9F00C8D0BC /* AboutScene.cpp */,
				541C7BB41AE20C9F00C8D0BC /* AboutScene.h */,
				541C7BB51AE20C9F00C8D0BC /* BaseScene.cpp */,
				541C7BB61AE20C9F00C8D0BC /* BaseScene.h */,
				541C7BB71AE20C9F00C8D0BC /* LevelPickerScene.cpp */,
				541C7BB81AE20C9F00C8D0BC /* LevelPickerScene.h */,
				541C7BB91AE20C9F00C8D0BC /* MainGameScene.cpp */,
				541C7BBA1AE20C9F00C8D0BC /* MainGameScene.h */,
				541C7BBB1AE20C9F00C8D0BC /* SettingsScene.cpp */,
				541C7BBC1AE20C9F00C8D0BC /* SettingsScene.h */,
				541C7BBD1AE20C9F00C8D0BC /* SplashScene.cpp */,
				541C7BBE1AE20C9F00C8D0BC /* SplashScene.h */,
				541C7BBF1AE20C9F00C8D0BC /* WelcomeScene.cpp */,
				541C7BC01AE20C9F00C8D0BC /* WelcomeScene.h */,
			);
			path = Scene;
			sourceTree = "<group>";
		};
		541C7BC31AE20C9F00C8D0BC /* UI */ = {
			isa = PBXGroup;
			children = (
				541C7BC41AE20C9F00C8D0BC /* BallButton.cpp */,
				541C7BC51AE20C9F00C8D0BC /* BallButton.h */,
				541C7BC61AE20C9F00C8D0BC /* BallDialog.cpp */,
				541C7BC71AE20C9F00C8D0BC /* BallDialog.h */,
				541C7BC81AE20C9F00C8D0BC /* BallSlider.cpp */,
				541C7BC91AE20C9F00C8D0BC /* BallSlider.h */,
				541C7BCA1AE20C9F00C8D0BC /* EdgedBallButton.cpp */,
				541C7BCB1AE20C9F00C8D0BC /* EdgedBallButton.h */,
				541C7BCC1AE20C9F00C8D0BC /* TitleBar.cpp */,
				541C7BCD1AE20C9F00C8D0BC /* TitleBar.h */,
			);
			path = UI;
			sourceTree = "<group>";
		};
/* End PBXGroup section */

/* Begin PBXNativeTarget section */
		1D6058900D05DD3D006BFB54 /* CCPP iOS */ = {
			isa = PBXNativeTarget;
			buildConfigurationList = 1D6058960D05DD3E006BFB54 /* Build configuration list for PBXNativeTarget "CCPP iOS" */;
			buildPhases = (
				1D60588D0D05DD3D006BFB54 /* Resources */,
				1D60588E0D05DD3D006BFB54 /* Sources */,
				1D60588F0D05DD3D006BFB54 /* Frameworks */,
			);
			buildRules = (
			);
			dependencies = (
				1AC6FB25180E99E1004C840B /* PBXTargetDependency */,
			);
			name = "CCPP iOS";
			productName = iphone;
			productReference = 1D6058910D05DD3D006BFB54 /* CCPP iOS.app */;
			productType = "com.apple.product-type.application";
		};
		5087E73D17EB910900C73F5D /* CCPP Mac */ = {
			isa = PBXNativeTarget;
			buildConfigurationList = 5087E76C17EB910900C73F5D /* Build configuration list for PBXNativeTarget "CCPP Mac" */;
			buildPhases = (
				5087E74817EB910900C73F5D /* Resources */,
				5087E75617EB910900C73F5D /* Sources */,
				5087E75C17EB910900C73F5D /* Frameworks */,
			);
			buildRules = (
			);
			dependencies = (
				1AC6FB16180E9959004C840B /* PBXTargetDependency */,
			);
			name = "CCPP Mac";
			productName = iphone;
			productReference = 5087E76F17EB910900C73F5D /* CCPP Mac.app */;
			productType = "com.apple.product-type.application";
		};
/* End PBXNativeTarget section */

/* Begin PBXProject section */
		29B97313FDCFA39411CA2CEA /* Project object */ = {
			isa = PBXProject;
			attributes = {
				LastUpgradeCheck = 0630;
				TargetAttributes = {
					1D6058900D05DD3D006BFB54 = {
						DevelopmentTeam = MDDB52YB8L;
					};
				};
			};
			buildConfigurationList = C01FCF4E08A954540054247B /* Build configuration list for PBXProject "CCPP" */;
			compatibilityVersion = "Xcode 3.2";
			developmentRegion = English;
			hasScannedForEncodings = 1;
			knownRegions = (
				English,
				Japanese,
				French,
				German,
			);
			mainGroup = 29B97314FDCFA39411CA2CEA /* CustomTemplate */;
			projectDirPath = "";
			projectReferences = (
				{
					ProductGroup = 1AC6FAE6180E9839004C840B /* Products */;
					ProjectRef = 1AC6FAE5180E9839004C840B /* cocos2d_libs.xcodeproj */;
				},
			);
			projectRoot = "";
			targets = (
				1D6058900D05DD3D006BFB54 /* CCPP iOS */,
				5087E73D17EB910900C73F5D /* CCPP Mac */,
			);
		};
/* End PBXProject section */

/* Begin PBXReferenceProxy section */
		1AC6FAF9180E9839004C840B /* libcocos2d Mac.a */ = {
			isa = PBXReferenceProxy;
			fileType = archive.ar;
			path = "libcocos2d Mac.a";
			remoteRef = 1AC6FAF8180E9839004C840B /* PBXContainerItemProxy */;
			sourceTree = BUILT_PRODUCTS_DIR;
		};
		1AC6FB07180E9839004C840B /* libcocos2d iOS.a */ = {
			isa = PBXReferenceProxy;
			fileType = archive.ar;
			path = "libcocos2d iOS.a";
			remoteRef = 1AC6FB06180E9839004C840B /* PBXContainerItemProxy */;
			sourceTree = BUILT_PRODUCTS_DIR;
		};
/* End PBXReferenceProxy section */

/* Begin PBXResourcesBuildPhase section */
		1D60588D0D05DD3D006BFB54 /* Resources */ = {
			isa = PBXResourcesBuildPhase;
			buildActionMask = 2147483647;
			files = (
				5087E78117EB970100C73F5D /* Icon-120.png in Resources */,
				541C7B471AE2047300C8D0BC /* ring_o.png in Resources */,
				541C7B3D1AE2047300C8D0BC /* fonts in Resources */,
				5087E78617EB970100C73F5D /* Icon-76.png in Resources */,
				5087E77F17EB970100C73F5D /* Default@2x.png in Resources */,
				541C7B4B1AE2047300C8D0BC /* target.png in Resources */,
				50EF629917ECD46A001EB2F8 /* Icon-100.png in Resources */,
				541C7B391AE2047300C8D0BC /* diamond_i.png in Resources */,
				5087E78317EB970100C73F5D /* Icon-152.png in Resources */,
				541C7B3F1AE2047300C8D0BC /* g_charmy_av.png in Resources */,
				541C7B4D1AE2047300C8D0BC /* tri_i.png in Resources */,
				541C7B411AE2047300C8D0BC /* g_charmysoft_logo.png in Resources */,
				5087E77D17EB970100C73F5D /* Default-568h@2x.png in Resources */,
				5087E78517EB970100C73F5D /* Icon-72.png in Resources */,
				541C7B491AE2047300C8D0BC /* share.png in Resources */,
				541C7B371AE2047300C8D0BC /* audio in Resources */,
				521A8E6519F0C34300D177D7 /* Default-736h@3x.png in Resources */,
				541C7B3B1AE2047300C8D0BC /* diamond_o.png in Resources */,
				50EF62A317ECD613001EB2F8 /* Icon-50.png in Resources */,
				541C7B451AE2047300C8D0BC /* ring_i.png in Resources */,
				541C7B4F1AE2047300C8D0BC /* tri_o.png in Resources */,
				5087E78017EB970100C73F5D /* Icon-114.png in Resources */,
				50EF62A217ECD613001EB2F8 /* Icon-29.png in Resources */,
				50EF629617ECD46A001EB2F8 /* Icon-40.png in Resources */,
				541C7B511AE2047300C8D0BC /* ui in Resources */,
				5087E78217EB970100C73F5D /* Icon-144.png in Resources */,
				50EF629817ECD46A001EB2F8 /* Icon-80.png in Resources */,
				5087E78417EB970100C73F5D /* Icon-57.png in Resources */,
				5087E77E17EB970100C73F5D /* Default.png in Resources */,
				521A8E6419F0C34300D177D7 /* Default-667h@2x.png in Resources */,
				50EF629717ECD46A001EB2F8 /* Icon-58.png in Resources */,
				541C7B431AE2047300C8D0BC /* icon.png in Resources */,
			);
			runOnlyForDeploymentPostprocessing = 0;
		};
		5087E74817EB910900C73F5D /* Resources */ = {
			isa = PBXResourcesBuildPhase;
			buildActionMask = 2147483647;
			files = (
				541C7B401AE2047300C8D0BC /* g_charmy_av.png in Resources */,
				541C7B421AE2047300C8D0BC /* g_charmysoft_logo.png in Resources */,
				541C7B521AE2047300C8D0BC /* ui in Resources */,
				541C7B481AE2047300C8D0BC /* ring_o.png in Resources */,
				541C7B4C1AE2047300C8D0BC /* target.png in Resources */,
				541C7B3C1AE2047300C8D0BC /* diamond_o.png in Resources */,
				503AE0F817EB97AB00D1A890 /* Icon.icns in Resources */,
				541C7B4A1AE2047300C8D0BC /* share.png in Resources */,
				541C7B381AE2047300C8D0BC /* audio in Resources */,
				541C7B3A1AE2047300C8D0BC /* diamond_i.png in Resources */,
				541C7B4E1AE2047300C8D0BC /* tri_i.png in Resources */,
				541C7B441AE2047300C8D0BC /* icon.png in Resources */,
				541C7B3E1AE2047300C8D0BC /* fonts in Resources */,
				541C7B461AE2047300C8D0BC /* ring_i.png in Resources */,
				541C7B501AE2047300C8D0BC /* tri_o.png in Resources */,
			);
			runOnlyForDeploymentPostprocessing = 0;
		};
/* End PBXResourcesBuildPhase section */

/* Begin PBXSourcesBuildPhase section */
		1D60588E0D05DD3D006BFB54 /* Sources */ = {
			isa = PBXSourcesBuildPhase;
			buildActionMask = 2147483647;
			files = (
				541C7C201AE20C9F00C8D0BC /* SplashScene.cpp in Sources */,
				541C7BEC1AE20C9F00C8D0BC /* Level13.cpp in Sources */,
				541C7C121AE20C9F00C8D0BC /* Level9.cpp in Sources */,
				541C7C2E1AE20CA000C8D0BC /* TitleBar.cpp in Sources */,
				541C7BE01AE20C9F00C8D0BC /* EngineHelper.cpp in Sources */,
				541C7BD81AE20C9F00C8D0BC /* Ring.cpp in Sources */,
				541C7C261AE20C9F00C8D0BC /* BallButton.cpp in Sources */,
				541C7BFA1AE20C9F00C8D0BC /* Level2.cpp in Sources */,
				541C7BD21AE20C9F00C8D0BC /* Diamond.cpp in Sources */,
				541C7C061AE20C9F00C8D0BC /* Level3.cpp in Sources */,
				541C7BEA1AE20C9F00C8D0BC /* Level12.cpp in Sources */,
				541C7C2C1AE20CA000C8D0BC /* EdgedBallButton.cpp in Sources */,
				541C7BF21AE20C9F00C8D0BC /* Level16.cpp in Sources */,
				541C7BE21AE20C9F00C8D0BC /* BaseLevel.cpp in Sources */,
				541C7C2A1AE20CA000C8D0BC /* BallSlider.cpp in Sources */,
				541C7C0A1AE20C9F00C8D0BC /* Level5.cpp in Sources */,
				541C7BF01AE20C9F00C8D0BC /* Level15.cpp in Sources */,
				541C7C081AE20C9F00C8D0BC /* Level4.cpp in Sources */,
				541C7BF41AE20C9F00C8D0BC /* Level17.cpp in Sources */,
				541C7C0E1AE20C9F00C8D0BC /* Level7.cpp in Sources */,
				541C7BCE1AE20C9F00C8D0BC /* AppDelegate.cpp in Sources */,
				541C7C321AE2311700C8D0BC /* Brick.cpp in Sources */,
				541C7BE61AE20C9F00C8D0BC /* Level10.cpp in Sources */,
				541C7BFC1AE20C9F00C8D0BC /* Level20.cpp in Sources */,
				541C7BE81AE20C9F00C8D0BC /* Level11.cpp in Sources */,
				541C7C101AE20C9F00C8D0BC /* Level8.cpp in Sources */,
				503AE10017EB989F00D1A890 /* AppController.mm in Sources */,
				541C7BDA1AE20C9F00C8D0BC /* SmartString.cpp in Sources */,
				541C7C1C1AE20C9F00C8D0BC /* MainGameScene.cpp in Sources */,
				503AE10217EB989F00D1A890 /* RootViewController.mm in Sources */,
				541C7C161AE20C9F00C8D0BC /* AboutScene.cpp in Sources */,
				503AE10117EB989F00D1A890 /* main.m in Sources */,
				541C7C221AE20C9F00C8D0BC /* WelcomeScene.cpp in Sources */,
				541C7BDE1AE20C9F00C8D0BC /* Triangle.cpp in Sources */,
				541C7BF81AE20C9F00C8D0BC /* Level19.cpp in Sources */,
				541C7C141AE20C9F00C8D0BC /* Levels.cpp in Sources */,
				541C7BD61AE20C9F00C8D0BC /* MainBall.cpp in Sources */,
				541C7C1E1AE20C9F00C8D0BC /* SettingsScene.cpp in Sources */,
				541C7BDC1AE20C9F00C8D0BC /* Target.cpp in Sources */,
				541C7C0C1AE20C9F00C8D0BC /* Level6.cpp in Sources */,
				541C7BFE1AE20C9F00C8D0BC /* Level21.cpp in Sources */,
				541C7C241AE20C9F00C8D0BC /* stdafx.cpp in Sources */,
				541C7BEE1AE20C9F00C8D0BC /* Level14.cpp in Sources */,
				541C7C1A1AE20C9F00C8D0BC /* LevelPickerScene.cpp in Sources */,
				541C7BF61AE20C9F00C8D0BC /* Level18.cpp in Sources */,
				541C7C281AE20C9F00C8D0BC /* BallDialog.cpp in Sources */,
				541C7C181AE20C9F00C8D0BC /* BaseScene.cpp in Sources */,
				541C7BE41AE20C9F00C8D0BC /* Level1.cpp in Sources */,
			);
			runOnlyForDeploymentPostprocessing = 0;
		};
		5087E75617EB910900C73F5D /* Sources */ = {
			isa = PBXSourcesBuildPhase;
			buildActionMask = 2147483647;
			files = (
				541C7C0F1AE20C9F00C8D0BC /* Level7.cpp in Sources */,
				541C7BE91AE20C9F00C8D0BC /* Level11.cpp in Sources */,
				541C7BF71AE20C9F00C8D0BC /* Level18.cpp in Sources */,
				541C7BD31AE20C9F00C8D0BC /* Diamond.cpp in Sources */,
				541C7BF11AE20C9F00C8D0BC /* Level15.cpp in Sources */,
				541C7BD71AE20C9F00C8D0BC /* MainBall.cpp in Sources */,
				541C7BDF1AE20C9F00C8D0BC /* Triangle.cpp in Sources */,
				541C7C251AE20C9F00C8D0BC /* stdafx.cpp in Sources */,
				541C7C1F1AE20C9F00C8D0BC /* SettingsScene.cpp in Sources */,
				541C7C191AE20C9F00C8D0BC /* BaseScene.cpp in Sources */,
				541C7C0B1AE20C9F00C8D0BC /* Level5.cpp in Sources */,
				541C7C211AE20C9F00C8D0BC /* SplashScene.cpp in Sources */,
				541C7BED1AE20C9F00C8D0BC /* Level13.cpp in Sources */,
				541C7BCF1AE20C9F00C8D0BC /* AppDelegate.cpp in Sources */,
				541C7C091AE20C9F00C8D0BC /* Level4.cpp in Sources */,
				541C7C0D1AE20C9F00C8D0BC /* Level6.cpp in Sources */,
				541C7BE71AE20C9F00C8D0BC /* Level10.cpp in Sources */,
				541C7BEB1AE20C9F00C8D0BC /* Level12.cpp in Sources */,
				541C7C1B1AE20C9F00C8D0BC /* LevelPickerScene.cpp in Sources */,
				541C7BE31AE20C9F00C8D0BC /* BaseLevel.cpp in Sources */,
				503AE10517EB98FF00D1A890 /* main.cpp in Sources */,
				541C7BFB1AE20C9F00C8D0BC /* Level2.cpp in Sources */,
				541C7BF51AE20C9F00C8D0BC /* Level17.cpp in Sources */,
				541C7C2D1AE20CA000C8D0BC /* EdgedBallButton.cpp in Sources */,
				541C7C171AE20C9F00C8D0BC /* AboutScene.cpp in Sources */,
				541C7BDD1AE20C9F00C8D0BC /* Target.cpp in Sources */,
				541C7C271AE20C9F00C8D0BC /* BallButton.cpp in Sources */,
				541C7C131AE20C9F00C8D0BC /* Level9.cpp in Sources */,
				541C7BE51AE20C9F00C8D0BC /* Level1.cpp in Sources */,
				541C7BF31AE20C9F00C8D0BC /* Level16.cpp in Sources */,
				541C7C1D1AE20C9F00C8D0BC /* MainGameScene.cpp in Sources */,
				541C7BFD1AE20C9F00C8D0BC /* Level20.cpp in Sources */,
				541C7BDB1AE20C9F00C8D0BC /* SmartString.cpp in Sources */,
				541C7C071AE20C9F00C8D0BC /* Level3.cpp in Sources */,
				541C7BEF1AE20C9F00C8D0BC /* Level14.cpp in Sources */,
				541C7BF91AE20C9F00C8D0BC /* Level19.cpp in Sources */,
				541C7C151AE20C9F00C8D0BC /* Levels.cpp in Sources */,
				541C7C231AE20C9F00C8D0BC /* WelcomeScene.cpp in Sources */,
				541C7BFF1AE20C9F00C8D0BC /* Level21.cpp in Sources */,
				541C7BD91AE20C9F00C8D0BC /* Ring.cpp in Sources */,
				541C7BE11AE20C9F00C8D0BC /* EngineHelper.cpp in Sources */,
				541C7C2F1AE20CA000C8D0BC /* TitleBar.cpp in Sources */,
				541C7C2B1AE20CA000C8D0BC /* BallSlider.cpp in Sources */,
				541C7C331AE2311700C8D0BC /* Brick.cpp in Sources */,
				541C7C111AE20C9F00C8D0BC /* Level8.cpp in Sources */,
				541C7C291AE20CA000C8D0BC /* BallDialog.cpp in Sources */,
			);
			runOnlyForDeploymentPostprocessing = 0;
		};
/* End PBXSourcesBuildPhase section */

/* Begin PBXTargetDependency section */
		1AC6FB16180E9959004C840B /* PBXTargetDependency */ = {
			isa = PBXTargetDependency;
			name = "cocos2dx Mac";
			targetProxy = 1AC6FB15180E9959004C840B /* PBXContainerItemProxy */;
		};
		1AC6FB25180E99E1004C840B /* PBXTargetDependency */ = {
			isa = PBXTargetDependency;
			name = "cocos2dx iOS";
			targetProxy = 1AC6FB24180E99E1004C840B /* PBXContainerItemProxy */;
		};
/* End PBXTargetDependency section */

/* Begin XCBuildConfiguration section */
		1D6058940D05DD3E006BFB54 /* Debug */ = {
			isa = XCBuildConfiguration;
			buildSettings = {
				ALWAYS_SEARCH_USER_PATHS = YES;
				CODE_SIGN_IDENTITY = "iPhone Developer";
				COMPRESS_PNG_FILES = NO;
				GCC_DYNAMIC_NO_PIC = NO;
				GCC_INLINES_ARE_PRIVATE_EXTERN = NO;
				GCC_PRECOMPILE_PREFIX_HEADER = YES;
				GCC_PREFIX_HEADER = ios/Prefix.pch;
				GCC_PREPROCESSOR_DEFINITIONS = (
					USE_FILE32API,
					CC_TARGET_OS_IPHONE,
					"COCOS2D_DEBUG=1",
					"CC_ENABLE_CHIPMUNK_INTEGRATION=1",
				);
				GCC_SYMBOLS_PRIVATE_EXTERN = NO;
				HEADER_SEARCH_PATHS = (
					"$(inherited)",
					"$(SRCROOT)/../cocos2d/cocos/platform/ios",
					"$(SRCROOT)/../cocos2d/cocos/platform/ios/Simulation",
				);
				INFOPLIST_FILE = ios/Info.plist;
				IPHONEOS_DEPLOYMENT_TARGET = 5.0;
				LIBRARY_SEARCH_PATHS = "";
				OTHER_LDFLAGS = (
					"$(_COCOS_LIB_IOS_BEGIN)",
					"$(_COCOS_LIB_IOS_END)",
				);
				SDKROOT = iphoneos;
				TARGETED_DEVICE_FAMILY = "1,2";
				USER_HEADER_SEARCH_PATHS = "$(_COCOS_HEADER_IOS_BEGIN) $(_COCOS_HEADER_IOS_END)";
				VALID_ARCHS = "arm64 armv7";
			};
			name = Debug;
		};
		1D6058950D05DD3E006BFB54 /* Release */ = {
			isa = XCBuildConfiguration;
			buildSettings = {
				ALWAYS_SEARCH_USER_PATHS = YES;
				CODE_SIGN_IDENTITY = "iPhone Developer";
				COMPRESS_PNG_FILES = NO;
				GCC_INLINES_ARE_PRIVATE_EXTERN = NO;
				GCC_PRECOMPILE_PREFIX_HEADER = YES;
				GCC_PREFIX_HEADER = ios/Prefix.pch;
				GCC_PREPROCESSOR_DEFINITIONS = (
					USE_FILE32API,
					CC_TARGET_OS_IPHONE,
					"CC_ENABLE_CHIPMUNK_INTEGRATION=1",
				);
				GCC_SYMBOLS_PRIVATE_EXTERN = NO;
				HEADER_SEARCH_PATHS = (
					"$(inherited)",
					"$(SRCROOT)/../cocos2d/cocos/platform/ios",
					"$(SRCROOT)/../cocos2d/cocos/platform/ios/Simulation",
				);
				INFOPLIST_FILE = ios/Info.plist;
				IPHONEOS_DEPLOYMENT_TARGET = 5.0;
				LIBRARY_SEARCH_PATHS = "";
				OTHER_LDFLAGS = (
					"$(_COCOS_LIB_IOS_BEGIN)",
					"$(_COCOS_LIB_IOS_END)",
				);
				SDKROOT = iphoneos;
				TARGETED_DEVICE_FAMILY = "1,2";
				USER_HEADER_SEARCH_PATHS = "$(_COCOS_HEADER_IOS_BEGIN) $(_COCOS_HEADER_IOS_END)";
				VALID_ARCHS = "arm64 armv7";
			};
			name = Release;
		};
		5087E76D17EB910900C73F5D /* Debug */ = {
			isa = XCBuildConfiguration;
			buildSettings = {
				ALWAYS_SEARCH_USER_PATHS = YES;
				CLANG_CXX_LANGUAGE_STANDARD = "c++0x";
				CLANG_CXX_LIBRARY = "libc++";
				COMBINE_HIDPI_IMAGES = YES;
				GCC_DYNAMIC_NO_PIC = NO;
				GCC_INLINES_ARE_PRIVATE_EXTERN = NO;
				GCC_PRECOMPILE_PREFIX_HEADER = YES;
				GCC_PREFIX_HEADER = mac/Prefix.pch;
				GCC_PREPROCESSOR_DEFINITIONS = (
					USE_FILE32API,
					CC_TARGET_OS_MAC,
					"COCOS2D_DEBUG=1",
					"CC_ENABLE_CHIPMUNK_INTEGRATION=1",
				);
				GCC_SYMBOLS_PRIVATE_EXTERN = NO;
				HEADER_SEARCH_PATHS = (
					"$(inherited)",
					"$(SRCROOT)/../cocos2d/cocos/platform/mac",
					"$(SRCROOT)/../cocos2d/external/glfw3/include/mac",
				);
				INFOPLIST_FILE = mac/Info.plist;
				LIBRARY_SEARCH_PATHS = "";
				OTHER_LDFLAGS = (
					"$(_COCOS_LIB_MAC_BEGIN)",
					"$(_COCOS_LIB_MAC_END)",
				);
				USER_HEADER_SEARCH_PATHS = "$(_COCOS_HEADER_MAC_BEGIN) $(_COCOS_HEADER_MAC_END)";
			};
			name = Debug;
		};
		5087E76E17EB910900C73F5D /* Release */ = {
			isa = XCBuildConfiguration;
			buildSettings = {
				ALWAYS_SEARCH_USER_PATHS = YES;
				CLANG_CXX_LANGUAGE_STANDARD = "c++0x";
				CLANG_CXX_LIBRARY = "libc++";
				COMBINE_HIDPI_IMAGES = YES;
				GCC_INLINES_ARE_PRIVATE_EXTERN = NO;
				GCC_PRECOMPILE_PREFIX_HEADER = YES;
				GCC_PREFIX_HEADER = mac/Prefix.pch;
				GCC_PREPROCESSOR_DEFINITIONS = (
					USE_FILE32API,
					CC_TARGET_OS_MAC,
					"CC_ENABLE_CHIPMUNK_INTEGRATION=1",
				);
				GCC_SYMBOLS_PRIVATE_EXTERN = NO;
				HEADER_SEARCH_PATHS = (
					"$(inherited)",
					"$(SRCROOT)/../cocos2d/cocos/platform/mac",
					"$(SRCROOT)/../cocos2d/external/glfw3/include/mac",
				);
				INFOPLIST_FILE = mac/Info.plist;
				LIBRARY_SEARCH_PATHS = "";
				OTHER_LDFLAGS = (
					"$(_COCOS_LIB_MAC_BEGIN)",
					"$(_COCOS_LIB_MAC_END)",
				);
				USER_HEADER_SEARCH_PATHS = "$(_COCOS_HEADER_MAC_BEGIN) $(_COCOS_HEADER_MAC_END)";
			};
			name = Release;
		};
		C01FCF4F08A954540054247B /* Debug */ = {
			isa = XCBuildConfiguration;
			buildSettings = {
				CLANG_CXX_LANGUAGE_STANDARD = "c++0x";
				CLANG_CXX_LIBRARY = "libc++";
				COPY_PHASE_STRIP = NO;
				GCC_OPTIMIZATION_LEVEL = 0;
				GCC_WARN_ABOUT_RETURN_TYPE = YES;
				GCC_WARN_UNUSED_VARIABLE = YES;
				HEADER_SEARCH_PATHS = (
					"$(SRCROOT)/../cocos2d",
					"$(SRCROOT)/../cocos2d/cocos",
					"$(SRCROOT)/../cocos2d/cocos/base",
					"$(SRCROOT)/../cocos2d/cocos/physics",
					"$(SRCROOT)/../cocos2d/cocos/math",
					"$(SRCROOT)/../cocos2d/cocos/2d",
					"$(SRCROOT)/../cocos2d/cocos/ui",
					"$(SRCROOT)/../cocos2d/cocos/network",
					"$(SRCROOT)/../cocos2d/cocos/audio/include",
					"$(SRCROOT)/../cocos2d/cocos/editor-support",
					"$(SRCROOT)/../cocos2d/extensions",
					"$(SRCROOT)/../cocos2d/external",
					"$(SRCROOT)/../cocos2d/external/chipmunk/include/chipmunk",
				);
				MACOSX_DEPLOYMENT_TARGET = 10.7;
				ONLY_ACTIVE_ARCH = NO;
				PRODUCT_NAME = "$(TARGET_NAME)";
				SDKROOT = macosx;
			};
			name = Debug;
		};
		C01FCF5008A954540054247B /* Release */ = {
			isa = XCBuildConfiguration;
			buildSettings = {
				CLANG_CXX_LANGUAGE_STANDARD = "c++0x";
				CLANG_CXX_LIBRARY = "libc++";
				GCC_WARN_ABOUT_RETURN_TYPE = YES;
				GCC_WARN_UNUSED_VARIABLE = YES;
				HEADER_SEARCH_PATHS = (
					"$(SRCROOT)/../cocos2d",
					"$(SRCROOT)/../cocos2d/cocos",
					"$(SRCROOT)/../cocos2d/cocos/base",
					"$(SRCROOT)/../cocos2d/cocos/physics",
					"$(SRCROOT)/../cocos2d/cocos/math",
					"$(SRCROOT)/../cocos2d/cocos/2d",
					"$(SRCROOT)/../cocos2d/cocos/ui",
					"$(SRCROOT)/../cocos2d/cocos/network",
					"$(SRCROOT)/../cocos2d/cocos/audio/include",
					"$(SRCROOT)/../cocos2d/cocos/editor-support",
					"$(SRCROOT)/../cocos2d/extensions",
					"$(SRCROOT)/../cocos2d/external",
					"$(SRCROOT)/../cocos2d/external/chipmunk/include/chipmunk",
				);
				MACOSX_DEPLOYMENT_TARGET = 10.7;
				OTHER_CFLAGS = "-DNS_BLOCK_ASSERTIONS=1";
				PRODUCT_NAME = "$(TARGET_NAME)";
				SDKROOT = macosx;
				VALIDATE_PRODUCT = YES;
			};
			name = Release;
		};
/* End XCBuildConfiguration section */

/* Begin XCConfigurationList section */
		1D6058960D05DD3E006BFB54 /* Build configuration list for PBXNativeTarget "CCPP iOS" */ = {
			isa = XCConfigurationList;
			buildConfigurations = (
				1D6058940D05DD3E006BFB54 /* Debug */,
				1D6058950D05DD3E006BFB54 /* Release */,
			);
			defaultConfigurationIsVisible = 0;
			defaultConfigurationName = Debug;
		};
		5087E76C17EB910900C73F5D /* Build configuration list for PBXNativeTarget "CCPP Mac" */ = {
			isa = XCConfigurationList;
			buildConfigurations = (
				5087E76D17EB910900C73F5D /* Debug */,
				5087E76E17EB910900C73F5D /* Release */,
			);
			defaultConfigurationIsVisible = 0;
			defaultConfigurationName = Debug;
		};
		C01FCF4E08A954540054247B /* Build configuration list for PBXProject "CCPP" */ = {
			isa = XCConfigurationList;
			buildConfigurations = (
				C01FCF4F08A954540054247B /* Debug */,
				C01FCF5008A954540054247B /* Release */,
			);
			defaultConfigurationIsVisible = 0;
			defaultConfigurationName = Debug;
		};
/* End XCConfigurationList section */
	};
	rootObject = 29B97313FDCFA39411CA2CEA /* Project object */;
}
