<?xml version="1.0" encoding="utf-8"?>
<Project ToolsVersion="4.0" xmlns="http://schemas.microsoft.com/developer/msbuild/2003">
  <ItemGroup>
    <Filter Include="win32">
      <UniqueIdentifier>{84a8ebd7-7cf0-47f6-b75e-d441df67da40}</UniqueIdentifier>
    </Filter>
    <Filter Include="resource">
      <UniqueIdentifier>{715254bc-d70b-4ec5-bf29-467dd3ace079}</UniqueIdentifier>
    </Filter>
    <Filter Include="src">
      <UniqueIdentifier>{bb6c862e-70e9-49d9-81b7-3829a6f50471}</UniqueIdentifier>
    </Filter>
    <Filter Include="src\UI">
      <UniqueIdentifier>{f72f87fe-a594-4638-81a2-6550bd10a486}</UniqueIdentifier>
    </Filter>
    <Filter Include="src\Scene">
      <UniqueIdentifier>{69a9e5eb-d466-42ce-8bbd-e61859d1d031}</UniqueIdentifier>
    </Filter>
    <Filter Include="src\Element">
      <UniqueIdentifier>{12286482-2055-466e-8cc3-303a91fd9ce3}</UniqueIdentifier>
    </Filter>
    <Filter Include="src\Levels">
      <UniqueIdentifier>{cc893549-e152-4465-be74-24b106a5f662}</UniqueIdentifier>
    </Filter>
  </ItemGroup>
  <ItemGroup>
    <ClCompile Include="main.cpp">
      <Filter>win32</Filter>
    </ClCompile>
    <ClCompile Include="..\Classes\AppDelegate.cpp">
      <Filter>src</Filter>
    </ClCompile>
    <ClCompile Include="..\Classes\stdafx.cpp">
      <Filter>src</Filter>
    </ClCompile>
    <ClCompile Include="..\Classes\UI\BallButton.cpp">
      <Filter>src\UI</Filter>
    </ClCompile>
    <ClCompile Include="..\Classes\UI\BallSlider.cpp">
      <Filter>src\UI</Filter>
    </ClCompile>
    <ClCompile Include="..\Classes\UI\TitleBar.cpp">
      <Filter>src\UI</Filter>
    </ClCompile>
    <ClCompile Include="..\Classes\Scene\BaseScene.cpp">
      <Filter>src\Scene</Filter>
    </ClCompile>
    <ClCompile Include="..\Classes\Scene\MainGameScene.cpp">
      <Filter>src\Scene</Filter>
    </ClCompile>
    <ClCompile Include="..\Classes\Scene\SettingsScene.cpp">
      <Filter>src\Scene</Filter>
    </ClCompile>
    <ClCompile Include="..\Classes\Scene\WelcomeScene.cpp">
      <Filter>src\Scene</Filter>
    </ClCompile>
    <ClCompile Include="..\Classes\Element\SmartString.cpp">
      <Filter>src\Element</Filter>
    </ClCompile>
    <ClCompile Include="..\Classes\EngineHelper.cpp">
      <Filter>src</Filter>
    </ClCompile>
    <ClCompile Include="..\Classes\UI\BallDialog.cpp">
      <Filter>src\UI</Filter>
    </ClCompile>
    <ClCompile Include="..\Classes\UI\EdgedBallButton.cpp">
      <Filter>src\UI</Filter>
    </ClCompile>
    <ClCompile Include="..\Classes\Levels\BaseLevel.cpp">
      <Filter>src\Levels</Filter>
    </ClCompile>
    <ClCompile Include="..\Classes\Levels\Level1.cpp">
      <Filter>src\Levels</Filter>
    </ClCompile>
    <ClCompile Include="..\Classes\Element\Ring.cpp">
      <Filter>src\Element</Filter>
    </ClCompile>
    <ClCompile Include="..\Classes\Element\Target.cpp">
      <Filter>src\Element</Filter>
    </ClCompile>
    <ClCompile Include="..\Classes\Levels\Level2.cpp">
      <Filter>src\Levels</Filter>
    </ClCompile>
    <ClCompile Include="..\Classes\Levels\Levels.cpp">
      <Filter>src\Levels</Filter>
    </ClCompile>
    <ClCompile Include="..\Classes\Levels\Level3.cpp">
      <Filter>src\Levels</Filter>
    </ClCompile>
    <ClCompile Include="..\Classes\Element\Triangle.cpp">
      <Filter>src\Element</Filter>
    </ClCompile>
    <ClCompile Include="..\Classes\Levels\Level4.cpp">
      <Filter>src\Levels</Filter>
    </ClCompile>
    <ClCompile Include="..\Classes\Scene\AboutScene.cpp">
      <Filter>src\Scene</Filter>
    </ClCompile>
    <ClCompile Include="..\Classes\Element\Diamond.cpp">
      <Filter>src\Element</Filter>
    </ClCompile>
    <ClCompile Include="..\Classes\Levels\Level5.cpp">
      <Filter>src\Levels</Filter>
    </ClCompile>
    <ClCompile Include="..\Classes\Levels\Level6.cpp">
      <Filter>src\Levels</Filter>
    </ClCompile>
    <ClCompile Include="..\Classes\Levels\Level7.cpp">
      <Filter>src\Levels</Filter>
    </ClCompile>
    <ClCompile Include="..\Classes\Levels\Level8.cpp">
      <Filter>src\Levels</Filter>
    </ClCompile>
    <ClCompile Include="..\Classes\Levels\Level9.cpp">
      <Filter>src\Levels</Filter>
    </ClCompile>
    <ClCompile Include="..\Classes\Scene\SplashScene.cpp">
      <Filter>src\Scene</Filter>
    </ClCompile>
    <ClCompile Include="..\Classes\Levels\Level10.cpp">
      <Filter>src\Levels</Filter>
    </ClCompile>
    <ClCompile Include="..\Classes\Levels\Level11.cpp">
      <Filter>src\Levels</Filter>
    </ClCompile>
    <ClCompile Include="..\Classes\Levels\Level12.cpp">
      <Filter>src\Levels</Filter>
    </ClCompile>
    <ClCompile Include="..\Classes\Levels\Level13.cpp">
      <Filter>src\Levels</Filter>
    </ClCompile>
    <ClCompile Include="..\Classes\Levels\Level15.cpp">
      <Filter>src\Levels</Filter>
    </ClCompile>
    <ClCompile Include="..\Classes\Levels\Level14.cpp">
      <Filter>src\Levels</Filter>
    </ClCompile>
    <ClCompile Include="..\Classes\Scene\LevelPickerScene.cpp">
      <Filter>src\Scene</Filter>
    </ClCompile>
    <ClCompile Include="..\Classes\Levels\Level16.cpp">
      <Filter>src\Levels</Filter>
    </ClCompile>
    <ClCompile Include="..\Classes\Levels\Level17.cpp">
      <Filter>src\Levels</Filter>
    </ClCompile>
    <ClCompile Include="..\Classes\Levels\Level18.cpp">
      <Filter>src\Levels</Filter>
    </ClCompile>
    <ClCompile Include="..\Classes\Levels\Level19.cpp">
      <Filter>src\Levels</Filter>
    </ClCompile>
    <ClCompile Include="..\Classes\Levels\Level20.cpp">
      <Filter>src\Levels</Filter>
    </ClCompile>
    <ClCompile Include="..\Classes\Levels\Level21.cpp">
      <Filter>src\Levels</Filter>
    </ClCompile>
    <ClCompile Include="..\Classes\Levels\Level22.cpp">
      <Filter>src\Levels</Filter>
    </ClCompile>
    <ClCompile Include="..\Classes\Levels\Level24.cpp">
      <Filter>src\Levels</Filter>
    </ClCompile>
    <ClCompile Include="..\Classes\Element\Brick.cpp">
      <Filter>src\Element</Filter>
    </ClCompile>
    <ClCompile Include="..\Classes\Levels\Level23.cpp">
      <Filter>src\Levels</Filter>
    </ClCompile>
  </ItemGroup>
  <ItemGroup>
    <ClInclude Include="main.h">
      <Filter>win32</Filter>
    </ClInclude>
    <ClInclude Include="..\Classes\AppDelegate.h">
      <Filter>src</Filter>
    </ClInclude>
    <ClInclude Include="..\Classes\stdafx.h">
      <Filter>src</Filter>
    </ClInclude>
    <ClInclude Include="..\Classes\UI\BallButton.h">
      <Filter>src\UI</Filter>
    </ClInclude>
    <ClInclude Include="..\Classes\UI\BallSlider.h">
      <Filter>src\UI</Filter>
    </ClInclude>
    <ClInclude Include="..\Classes\UI\TitleBar.h">
      <Filter>src\UI</Filter>
    </ClInclude>
    <ClInclude Include="..\Classes\Scene\BaseScene.h">
      <Filter>src\Scene</Filter>
    </ClInclude>
    <ClInclude Include="..\Classes\Scene\MainGameScene.h">
      <Filter>src\Scene</Filter>
    </ClInclude>
    <ClInclude Include="..\Classes\Scene\SettingsScene.h">
      <Filter>src\Scene</Filter>
    </ClInclude>
    <ClInclude Include="..\Classes\Scene\WelcomeScene.h">
      <Filter>src\Scene</Filter>
    </ClInclude>
    <ClInclude Include="..\Classes\Element\SmartString.h">
      <Filter>src\Element</Filter>
    </ClInclude>
    <ClInclude Include="..\Classes\EngineHelper.h">
      <Filter>src</Filter>
    </ClInclude>
    <ClInclude Include="..\Classes\UI\BallDialog.h">
      <Filter>src\UI</Filter>
    </ClInclude>
    <ClInclude Include="..\Classes\UI\EdgedBallButton.h">
      <Filter>src\UI</Filter>
    </ClInclude>
    <ClInclude Include="..\Classes\Levels\BaseLevel.h">
      <Filter>src\Levels</Filter>
    </ClInclude>
    <ClInclude Include="..\Classes\Levels\Level1.h">
      <Filter>src\Levels</Filter>
    </ClInclude>
    <ClInclude Include="..\Classes\Element\Ring.h">
      <Filter>src\Element</Filter>
    </ClInclude>
    <ClInclude Include="..\Classes\Element\Target.h">
      <Filter>src\Element</Filter>
    </ClInclude>
    <ClInclude Include="..\Classes\Levels\Level2.h">
      <Filter>src\Levels</Filter>
    </ClInclude>
    <ClInclude Include="..\Classes\Levels\Levels.h">
      <Filter>src\Levels</Filter>
    </ClInclude>
    <ClInclude Include="..\Classes\Levels\Level3.h">
      <Filter>src\Levels</Filter>
    </ClInclude>
    <ClInclude Include="..\Classes\Element\Triangle.h">
      <Filter>src\Element</Filter>
    </ClInclude>
    <ClInclude Include="..\Classes\Levels\Level4.h">
      <Filter>src\Levels</Filter>
    </ClInclude>
    <ClInclude Include="..\Classes\Scene\AboutScene.h">
      <Filter>src\Scene</Filter>
    </ClInclude>
    <ClInclude Include="..\Classes\Element\Diamond.h">
      <Filter>src\Element</Filter>
    </ClInclude>
    <ClInclude Include="..\Classes\Levels\Level5.h">
      <Filter>src\Levels</Filter>
    </ClInclude>
    <ClInclude Include="..\Classes\Levels\Level6.h">
      <Filter>src\Levels</Filter>
    </ClInclude>
    <ClInclude Include="..\Classes\Levels\Level7.h">
      <Filter>src\Levels</Filter>
    </ClInclude>
    <ClInclude Include="..\Classes\Levels\Level8.h">
      <Filter>src\Levels</Filter>
    </ClInclude>
    <ClInclude Include="..\Classes\Levels\Level9.h">
      <Filter>src\Levels</Filter>
    </ClInclude>
    <ClInclude Include="..\Classes\Scene\SplashScene.h">
      <Filter>src\Scene</Filter>
    </ClInclude>
    <ClInclude Include="..\Classes\Levels\Level10.h">
      <Filter>src\Levels</Filter>
    </ClInclude>
    <ClInclude Include="..\Classes\Levels\Level11.h">
      <Filter>src\Levels</Filter>
    </ClInclude>
    <ClInclude Include="..\Classes\Levels\Level12.h">
      <Filter>src\Levels</Filter>
    </ClInclude>
    <ClInclude Include="..\Classes\Levels\Level13.h">
      <Filter>src\Levels</Filter>
    </ClInclude>
    <ClInclude Include="..\Classes\Levels\Level15.h">
      <Filter>src\Levels</Filter>
    </ClInclude>
    <ClInclude Include="..\Classes\Levels\Level14.h">
      <Filter>src\Levels</Filter>
    </ClInclude>
    <ClInclude Include="..\Classes\Scene\LevelPickerScene.h">
      <Filter>src\Scene</Filter>
    </ClInclude>
    <ClInclude Include="..\Classes\Levels\Level16.h">
      <Filter>src\Levels</Filter>
    </ClInclude>
    <ClInclude Include="..\Classes\Levels\Level17.h">
      <Filter>src\Levels</Filter>
    </ClInclude>
    <ClInclude Include="..\Classes\Levels\Level18.h">
      <Filter>src\Levels</Filter>
    </ClInclude>
    <ClInclude Include="..\Classes\Levels\Level19.h">
      <Filter>src\Levels</Filter>
    </ClInclude>
    <ClInclude Include="..\Classes\Levels\Level20.h">
      <Filter>src\Levels</Filter>
    </ClInclude>
    <ClInclude Include="..\Classes\Levels\Level21.h">
      <Filter>src\Levels</Filter>
    </ClInclude>
    <ClInclude Include="..\Classes\Levels\Level22.h">
      <Filter>src\Levels</Filter>
    </ClInclude>
    <ClInclude Include="..\Classes\Levels\Level24.h">
      <Filter>src\Levels</Filter>
    </ClInclude>
    <ClInclude Include="..\Classes\Element\Brick.h">
      <Filter>src\Element</Filter>
    </ClInclude>
    <ClInclude Include="..\Classes\Levels\Level23.h">
      <Filter>src\Levels</Filter>
    </ClInclude>
  </ItemGroup>
  <ItemGroup>
    <ResourceCompile Include="game.rc">
      <Filter>resource</Filter>
    </ResourceCompile>
  </ItemGroup>
</Project>